{
	"name": "@laconia/invoker",
	"version": "2.0.0",
	"lockfileVersion": 3,
	"requires": true,
	"packages": {
		"": {
			"name": "@laconia/invoker",
			"version": "1.14.0",
			"license": "Apache-2.0",
			"dependencies": {
				"@aws-sdk/client-lambda": "^3.799.0"
			},
			"engines": {
				"node": ">=12.22"
			}
		},
		"../laconia-test-helper": {
			"name": "@laconia/test-helper",
			"version": "1.14.0",
			"extraneous": true,
			"license": "Apache-2.0",
			"dependencies": {
				"p-wait-for": "^3.1.0"
			},
			"engines": {
				"node": ">=12.22"
			}
		},
		"node_modules/@aws-crypto/crc32": {
			"version": "5.2.0",
			"resolved": "https://registry.npmjs.org/@aws-crypto/crc32/-/crc32-5.2.0.tgz",
			"integrity": "sha512-nLbCWqQNgUiwwtFsen1AdzAtvuLRsQS8rYgMuxCrdKf9kOssamGLuPwyTY9wyYblNr9+1XM8v6zoDTPPSIeANg==",
			"dependencies": {
				"@aws-crypto/util": "^5.2.0",
				"@aws-sdk/types": "^3.222.0",
				"tslib": "^2.6.2"
			},
			"engines": {
				"node": ">=16.0.0"
			}
		},
		"node_modules/@aws-crypto/sha256-browser": {
			"version": "5.2.0",
			"resolved": "https://registry.npmjs.org/@aws-crypto/sha256-browser/-/sha256-browser-5.2.0.tgz",
			"integrity": "sha512-AXfN/lGotSQwu6HNcEsIASo7kWXZ5HYWvfOmSNKDsEqC4OashTp8alTmaz+F7TC2L083SFv5RdB+qU3Vs1kZqw==",
			"dependencies": {
				"@aws-crypto/sha256-js": "^5.2.0",
				"@aws-crypto/supports-web-crypto": "^5.2.0",
				"@aws-crypto/util": "^5.2.0",
				"@aws-sdk/types": "^3.222.0",
				"@aws-sdk/util-locate-window": "^3.0.0",
				"@smithy/util-utf8": "^2.0.0",
				"tslib": "^2.6.2"
			}
		},
		"node_modules/@aws-crypto/sha256-browser/node_modules/@smithy/is-array-buffer": {
			"version": "2.2.0",
			"resolved": "https://registry.npmjs.org/@smithy/is-array-buffer/-/is-array-buffer-2.2.0.tgz",
			"integrity": "sha512-GGP3O9QFD24uGeAXYUjwSTXARoqpZykHadOmA8G5vfJPK0/DC67qa//0qvqrJzL1xc8WQWX7/yc7fwudjPHPhA==",
			"dependencies": {
				"tslib": "^2.6.2"
			},
			"engines": {
				"node": ">=14.0.0"
			}
		},
		"node_modules/@aws-crypto/sha256-browser/node_modules/@smithy/util-buffer-from": {
			"version": "2.2.0",
			"resolved": "https://registry.npmjs.org/@smithy/util-buffer-from/-/util-buffer-from-2.2.0.tgz",
			"integrity": "sha512-IJdWBbTcMQ6DA0gdNhh/BwrLkDR+ADW5Kr1aZmd4k3DIF6ezMV4R2NIAmT08wQJ3yUK82thHWmC/TnK/wpMMIA==",
			"dependencies": {
				"@smithy/is-array-buffer": "^2.2.0",
				"tslib": "^2.6.2"
			},
			"engines": {
				"node": ">=14.0.0"
			}
		},
		"node_modules/@aws-crypto/sha256-browser/node_modules/@smithy/util-utf8": {
			"version": "2.3.0",
			"resolved": "https://registry.npmjs.org/@smithy/util-utf8/-/util-utf8-2.3.0.tgz",
			"integrity": "sha512-R8Rdn8Hy72KKcebgLiv8jQcQkXoLMOGGv5uI1/k0l+snqkOzQ1R0ChUBCxWMlBsFMekWjq0wRudIweFs7sKT5A==",
			"dependencies": {
				"@smithy/util-buffer-from": "^2.2.0",
				"tslib": "^2.6.2"
			},
			"engines": {
				"node": ">=14.0.0"
			}
		},
		"node_modules/@aws-crypto/sha256-js": {
			"version": "5.2.0",
			"resolved": "https://registry.npmjs.org/@aws-crypto/sha256-js/-/sha256-js-5.2.0.tgz",
			"integrity": "sha512-FFQQyu7edu4ufvIZ+OadFpHHOt+eSTBaYaki44c+akjg7qZg9oOQeLlk77F6tSYqjDAFClrHJk9tMf0HdVyOvA==",
			"dependencies": {
				"@aws-crypto/util": "^5.2.0",
				"@aws-sdk/types": "^3.222.0",
				"tslib": "^2.6.2"
			},
			"engines": {
				"node": ">=16.0.0"
			}
		},
		"node_modules/@aws-crypto/supports-web-crypto": {
			"version": "5.2.0",
			"resolved": "https://registry.npmjs.org/@aws-crypto/supports-web-crypto/-/supports-web-crypto-5.2.0.tgz",
			"integrity": "sha512-iAvUotm021kM33eCdNfwIN//F77/IADDSs58i+MDaOqFrVjZo9bAal0NK7HurRuWLLpF1iLX7gbWrjHjeo+YFg==",
			"dependencies": {
				"tslib": "^2.6.2"
			}
		},
		"node_modules/@aws-crypto/util": {
			"version": "5.2.0",
			"resolved": "https://registry.npmjs.org/@aws-crypto/util/-/util-5.2.0.tgz",
			"integrity": "sha512-4RkU9EsI6ZpBve5fseQlGNUWKMa1RLPQ1dnjnQoe07ldfIzcsGb5hC5W0Dm7u423KWzawlrpbjXBrXCEv9zazQ==",
			"dependencies": {
				"@aws-sdk/types": "^3.222.0",
				"@smithy/util-utf8": "^2.0.0",
				"tslib": "^2.6.2"
			}
		},
		"node_modules/@aws-crypto/util/node_modules/@smithy/is-array-buffer": {
			"version": "2.2.0",
			"resolved": "https://registry.npmjs.org/@smithy/is-array-buffer/-/is-array-buffer-2.2.0.tgz",
			"integrity": "sha512-GGP3O9QFD24uGeAXYUjwSTXARoqpZykHadOmA8G5vfJPK0/DC67qa//0qvqrJzL1xc8WQWX7/yc7fwudjPHPhA==",
			"dependencies": {
				"tslib": "^2.6.2"
			},
			"engines": {
				"node": ">=14.0.0"
			}
		},
		"node_modules/@aws-crypto/util/node_modules/@smithy/util-buffer-from": {
			"version": "2.2.0",
			"resolved": "https://registry.npmjs.org/@smithy/util-buffer-from/-/util-buffer-from-2.2.0.tgz",
			"integrity": "sha512-IJdWBbTcMQ6DA0gdNhh/BwrLkDR+ADW5Kr1aZmd4k3DIF6ezMV4R2NIAmT08wQJ3yUK82thHWmC/TnK/wpMMIA==",
			"dependencies": {
				"@smithy/is-array-buffer": "^2.2.0",
				"tslib": "^2.6.2"
			},
			"engines": {
				"node": ">=14.0.0"
			}
		},
		"node_modules/@aws-crypto/util/node_modules/@smithy/util-utf8": {
			"version": "2.3.0",
			"resolved": "https://registry.npmjs.org/@smithy/util-utf8/-/util-utf8-2.3.0.tgz",
			"integrity": "sha512-R8Rdn8Hy72KKcebgLiv8jQcQkXoLMOGGv5uI1/k0l+snqkOzQ1R0ChUBCxWMlBsFMekWjq0wRudIweFs7sKT5A==",
			"dependencies": {
				"@smithy/util-buffer-from": "^2.2.0",
				"tslib": "^2.6.2"
			},
			"engines": {
				"node": ">=14.0.0"
			}
		},
		"node_modules/@aws-sdk/client-lambda": {
			"version": "3.799.0",
			"resolved": "https://registry.npmjs.org/@aws-sdk/client-lambda/-/client-lambda-3.799.0.tgz",
			"integrity": "sha512-6GTL1zLtbi4ebcx+RBpU1dVYX7ReI3lt+rG3lzdYzRFa1OFnKVLSC5h06Y6arIMub9jtIWE060LioD3DoQteLw==",
			"dependencies": {
				"@aws-crypto/sha256-browser": "5.2.0",
				"@aws-crypto/sha256-js": "5.2.0",
				"@aws-sdk/core": "3.799.0",
				"@aws-sdk/credential-provider-node": "3.799.0",
				"@aws-sdk/middleware-host-header": "3.775.0",
				"@aws-sdk/middleware-logger": "3.775.0",
				"@aws-sdk/middleware-recursion-detection": "3.775.0",
				"@aws-sdk/middleware-user-agent": "3.799.0",
				"@aws-sdk/region-config-resolver": "3.775.0",
				"@aws-sdk/types": "3.775.0",
				"@aws-sdk/util-endpoints": "3.787.0",
				"@aws-sdk/util-user-agent-browser": "3.775.0",
				"@aws-sdk/util-user-agent-node": "3.799.0",
				"@smithy/config-resolver": "^4.1.0",
				"@smithy/core": "^3.3.0",
				"@smithy/eventstream-serde-browser": "^4.0.2",
				"@smithy/eventstream-serde-config-resolver": "^4.1.0",
				"@smithy/eventstream-serde-node": "^4.0.2",
				"@smithy/fetch-http-handler": "^5.0.2",
				"@smithy/hash-node": "^4.0.2",
				"@smithy/invalid-dependency": "^4.0.2",
				"@smithy/middleware-content-length": "^4.0.2",
				"@smithy/middleware-endpoint": "^4.1.1",
				"@smithy/middleware-retry": "^4.1.1",
				"@smithy/middleware-serde": "^4.0.3",
				"@smithy/middleware-stack": "^4.0.2",
				"@smithy/node-config-provider": "^4.0.2",
				"@smithy/node-http-handler": "^4.0.4",
				"@smithy/protocol-http": "^5.1.0",
				"@smithy/smithy-client": "^4.2.1",
				"@smithy/types": "^4.2.0",
				"@smithy/url-parser": "^4.0.2",
				"@smithy/util-base64": "^4.0.0",
				"@smithy/util-body-length-browser": "^4.0.0",
				"@smithy/util-body-length-node": "^4.0.0",
				"@smithy/util-defaults-mode-browser": "^4.0.9",
				"@smithy/util-defaults-mode-node": "^4.0.9",
				"@smithy/util-endpoints": "^3.0.2",
				"@smithy/util-middleware": "^4.0.2",
				"@smithy/util-retry": "^4.0.2",
				"@smithy/util-stream": "^4.2.0",
				"@smithy/util-utf8": "^4.0.0",
				"@smithy/util-waiter": "^4.0.3",
				"tslib": "^2.6.2"
			},
			"engines": {
				"node": ">=18.0.0"
			}
		},
		"node_modules/@aws-sdk/client-sso": {
			"version": "3.799.0",
			"resolved": "https://registry.npmjs.org/@aws-sdk/client-sso/-/client-sso-3.799.0.tgz",
			"integrity": "sha512-/i/LG7AiWPmPxKCA2jnR2zaf7B3HYSTbxaZI21ElIz9wASlNAsKr8CnLY7qb50kOyXiNfQ834S5Q3Gl8dX9o3Q==",
			"dependencies": {
				"@aws-crypto/sha256-browser": "5.2.0",
				"@aws-crypto/sha256-js": "5.2.0",
				"@aws-sdk/core": "3.799.0",
				"@aws-sdk/middleware-host-header": "3.775.0",
				"@aws-sdk/middleware-logger": "3.775.0",
				"@aws-sdk/middleware-recursion-detection": "3.775.0",
				"@aws-sdk/middleware-user-agent": "3.799.0",
				"@aws-sdk/region-config-resolver": "3.775.0",
				"@aws-sdk/types": "3.775.0",
				"@aws-sdk/util-endpoints": "3.787.0",
				"@aws-sdk/util-user-agent-browser": "3.775.0",
				"@aws-sdk/util-user-agent-node": "3.799.0",
				"@smithy/config-resolver": "^4.1.0",
				"@smithy/core": "^3.3.0",
				"@smithy/fetch-http-handler": "^5.0.2",
				"@smithy/hash-node": "^4.0.2",
				"@smithy/invalid-dependency": "^4.0.2",
				"@smithy/middleware-content-length": "^4.0.2",
				"@smithy/middleware-endpoint": "^4.1.1",
				"@smithy/middleware-retry": "^4.1.1",
				"@smithy/middleware-serde": "^4.0.3",
				"@smithy/middleware-stack": "^4.0.2",
				"@smithy/node-config-provider": "^4.0.2",
				"@smithy/node-http-handler": "^4.0.4",
				"@smithy/protocol-http": "^5.1.0",
				"@smithy/smithy-client": "^4.2.1",
				"@smithy/types": "^4.2.0",
				"@smithy/url-parser": "^4.0.2",
				"@smithy/util-base64": "^4.0.0",
				"@smithy/util-body-length-browser": "^4.0.0",
				"@smithy/util-body-length-node": "^4.0.0",
				"@smithy/util-defaults-mode-browser": "^4.0.9",
				"@smithy/util-defaults-mode-node": "^4.0.9",
				"@smithy/util-endpoints": "^3.0.2",
				"@smithy/util-middleware": "^4.0.2",
				"@smithy/util-retry": "^4.0.2",
				"@smithy/util-utf8": "^4.0.0",
				"tslib": "^2.6.2"
			},
			"engines": {
				"node": ">=18.0.0"
			}
		},
		"node_modules/@aws-sdk/core": {
			"version": "3.799.0",
			"resolved": "https://registry.npmjs.org/@aws-sdk/core/-/core-3.799.0.tgz",
			"integrity": "sha512-hkKF3Zpc6+H8GI1rlttYVRh9uEE77cqAzLmLpY3iu7sql8cZgPERRBfaFct8p1SaDyrksLNiboD1vKW58mbsYg==",
			"dependencies": {
				"@aws-sdk/types": "3.775.0",
				"@smithy/core": "^3.3.0",
				"@smithy/node-config-provider": "^4.0.2",
				"@smithy/property-provider": "^4.0.2",
				"@smithy/protocol-http": "^5.1.0",
				"@smithy/signature-v4": "^5.1.0",
				"@smithy/smithy-client": "^4.2.1",
				"@smithy/types": "^4.2.0",
				"@smithy/util-middleware": "^4.0.2",
				"fast-xml-parser": "4.4.1",
				"tslib": "^2.6.2"
			},
			"engines": {
				"node": ">=18.0.0"
			}
		},
		"node_modules/@aws-sdk/credential-provider-env": {
			"version": "3.799.0",
			"resolved": "https://registry.npmjs.org/@aws-sdk/credential-provider-env/-/credential-provider-env-3.799.0.tgz",
			"integrity": "sha512-vT/SSWtbUIOW/U21qgEySmmO44SFWIA7WeQPX1OrI8WJ5n7OEI23JWLHjLvHTkYmuZK6z1rPcv7HzRgmuGRibA==",
			"dependencies": {
				"@aws-sdk/core": "3.799.0",
				"@aws-sdk/types": "3.775.0",
				"@smithy/property-provider": "^4.0.2",
				"@smithy/types": "^4.2.0",
				"tslib": "^2.6.2"
			},
			"engines": {
				"node": ">=18.0.0"
			}
		},
		"node_modules/@aws-sdk/credential-provider-http": {
			"version": "3.799.0",
			"resolved": "https://registry.npmjs.org/@aws-sdk/credential-provider-http/-/credential-provider-http-3.799.0.tgz",
			"integrity": "sha512-2CjBpOWmhaPAExOgHnIB5nOkS5ef+mfRlJ1JC4nsnjAx0nrK4tk0XRE0LYz11P3+ue+a86cU8WTmBo+qjnGxPQ==",
			"dependencies": {
				"@aws-sdk/core": "3.799.0",
				"@aws-sdk/types": "3.775.0",
				"@smithy/fetch-http-handler": "^5.0.2",
				"@smithy/node-http-handler": "^4.0.4",
				"@smithy/property-provider": "^4.0.2",
				"@smithy/protocol-http": "^5.1.0",
				"@smithy/smithy-client": "^4.2.1",
				"@smithy/types": "^4.2.0",
				"@smithy/util-stream": "^4.2.0",
				"tslib": "^2.6.2"
			},
			"engines": {
				"node": ">=18.0.0"
			}
		},
		"node_modules/@aws-sdk/credential-provider-ini": {
			"version": "3.799.0",
			"resolved": "https://registry.npmjs.org/@aws-sdk/credential-provider-ini/-/credential-provider-ini-3.799.0.tgz",
			"integrity": "sha512-M9ubILFxerqw4QJwk83MnjtZyoA2eNCiea5V+PzZeHlwk2PON/EnawKqy65x9/hMHGoSvvNuby7iMAmPptu7yw==",
			"dependencies": {
				"@aws-sdk/core": "3.799.0",
				"@aws-sdk/credential-provider-env": "3.799.0",
				"@aws-sdk/credential-provider-http": "3.799.0",
				"@aws-sdk/credential-provider-process": "3.799.0",
				"@aws-sdk/credential-provider-sso": "3.799.0",
				"@aws-sdk/credential-provider-web-identity": "3.799.0",
				"@aws-sdk/nested-clients": "3.799.0",
				"@aws-sdk/types": "3.775.0",
				"@smithy/credential-provider-imds": "^4.0.2",
				"@smithy/property-provider": "^4.0.2",
				"@smithy/shared-ini-file-loader": "^4.0.2",
				"@smithy/types": "^4.2.0",
				"tslib": "^2.6.2"
			},
			"engines": {
				"node": ">=18.0.0"
			}
		},
		"node_modules/@aws-sdk/credential-provider-node": {
			"version": "3.799.0",
			"resolved": "https://registry.npmjs.org/@aws-sdk/credential-provider-node/-/credential-provider-node-3.799.0.tgz",
			"integrity": "sha512-nd9fSJc0wUlgKUkIr2ldJhcIIrzJFS29AGZoyY22J3xih63nNDv61eTGVMsDZzHlV21XzMlPEljTR7axiimckg==",
			"dependencies": {
				"@aws-sdk/credential-provider-env": "3.799.0",
				"@aws-sdk/credential-provider-http": "3.799.0",
				"@aws-sdk/credential-provider-ini": "3.799.0",
				"@aws-sdk/credential-provider-process": "3.799.0",
				"@aws-sdk/credential-provider-sso": "3.799.0",
				"@aws-sdk/credential-provider-web-identity": "3.799.0",
				"@aws-sdk/types": "3.775.0",
				"@smithy/credential-provider-imds": "^4.0.2",
				"@smithy/property-provider": "^4.0.2",
				"@smithy/shared-ini-file-loader": "^4.0.2",
				"@smithy/types": "^4.2.0",
				"tslib": "^2.6.2"
			},
			"engines": {
				"node": ">=18.0.0"
			}
		},
		"node_modules/@aws-sdk/credential-provider-process": {
			"version": "3.799.0",
			"resolved": "https://registry.npmjs.org/@aws-sdk/credential-provider-process/-/credential-provider-process-3.799.0.tgz",
			"integrity": "sha512-g8jmNs2k98WNHMYcea1YKA+7ao2Ma4w0P42Dz4YpcI155pQHxHx25RwbOG+rsAKuo3bKwkW53HVE/ZTKhcWFgw==",
			"dependencies": {
				"@aws-sdk/core": "3.799.0",
				"@aws-sdk/types": "3.775.0",
				"@smithy/property-provider": "^4.0.2",
				"@smithy/shared-ini-file-loader": "^4.0.2",
				"@smithy/types": "^4.2.0",
				"tslib": "^2.6.2"
			},
			"engines": {
				"node": ">=18.0.0"
			}
		},
		"node_modules/@aws-sdk/credential-provider-sso": {
			"version": "3.799.0",
			"resolved": "https://registry.npmjs.org/@aws-sdk/credential-provider-sso/-/credential-provider-sso-3.799.0.tgz",
			"integrity": "sha512-lQv27QkNU9FJFZqEf5DIEN3uXEN409Iaym9WJzhOouGtxvTIAWiD23OYh1u8PvBdrordJGS2YddfQvhcmq9akw==",
			"dependencies": {
				"@aws-sdk/client-sso": "3.799.0",
				"@aws-sdk/core": "3.799.0",
				"@aws-sdk/token-providers": "3.799.0",
				"@aws-sdk/types": "3.775.0",
				"@smithy/property-provider": "^4.0.2",
				"@smithy/shared-ini-file-loader": "^4.0.2",
				"@smithy/types": "^4.2.0",
				"tslib": "^2.6.2"
			},
			"engines": {
				"node": ">=18.0.0"
			}
		},
		"node_modules/@aws-sdk/credential-provider-web-identity": {
			"version": "3.799.0",
			"resolved": "https://registry.npmjs.org/@aws-sdk/credential-provider-web-identity/-/credential-provider-web-identity-3.799.0.tgz",
			"integrity": "sha512-8k1i9ut+BEg0QZ+I6UQMxGNR1T8paLmAOAZXU+nLQR0lcxS6lr8v+dqofgzQPuHLBkWNCr1Av1IKeL3bJjgU7g==",
			"dependencies": {
				"@aws-sdk/core": "3.799.0",
				"@aws-sdk/nested-clients": "3.799.0",
				"@aws-sdk/types": "3.775.0",
				"@smithy/property-provider": "^4.0.2",
				"@smithy/types": "^4.2.0",
				"tslib": "^2.6.2"
			},
			"engines": {
				"node": ">=18.0.0"
			}
		},
		"node_modules/@aws-sdk/middleware-host-header": {
			"version": "3.775.0",
			"resolved": "https://registry.npmjs.org/@aws-sdk/middleware-host-header/-/middleware-host-header-3.775.0.tgz",
			"integrity": "sha512-tkSegM0Z6WMXpLB8oPys/d+umYIocvO298mGvcMCncpRl77L9XkvSLJIFzaHes+o7djAgIduYw8wKIMStFss2w==",
			"dependencies": {
				"@aws-sdk/types": "3.775.0",
				"@smithy/protocol-http": "^5.1.0",
				"@smithy/types": "^4.2.0",
				"tslib": "^2.6.2"
			},
			"engines": {
				"node": ">=18.0.0"
			}
		},
		"node_modules/@aws-sdk/middleware-logger": {
			"version": "3.775.0",
			"resolved": "https://registry.npmjs.org/@aws-sdk/middleware-logger/-/middleware-logger-3.775.0.tgz",
			"integrity": "sha512-FaxO1xom4MAoUJsldmR92nT1G6uZxTdNYOFYtdHfd6N2wcNaTuxgjIvqzg5y7QIH9kn58XX/dzf1iTjgqUStZw==",
			"dependencies": {
				"@aws-sdk/types": "3.775.0",
				"@smithy/types": "^4.2.0",
				"tslib": "^2.6.2"
			},
			"engines": {
				"node": ">=18.0.0"
			}
		},
		"node_modules/@aws-sdk/middleware-recursion-detection": {
			"version": "3.775.0",
			"resolved": "https://registry.npmjs.org/@aws-sdk/middleware-recursion-detection/-/middleware-recursion-detection-3.775.0.tgz",
			"integrity": "sha512-GLCzC8D0A0YDG5u3F5U03Vb9j5tcOEFhr8oc6PDk0k0vm5VwtZOE6LvK7hcCSoAB4HXyOUM0sQuXrbaAh9OwXA==",
			"dependencies": {
				"@aws-sdk/types": "3.775.0",
				"@smithy/protocol-http": "^5.1.0",
				"@smithy/types": "^4.2.0",
				"tslib": "^2.6.2"
			},
			"engines": {
				"node": ">=18.0.0"
			}
		},
		"node_modules/@aws-sdk/middleware-user-agent": {
			"version": "3.799.0",
			"resolved": "https://registry.npmjs.org/@aws-sdk/middleware-user-agent/-/middleware-user-agent-3.799.0.tgz",
			"integrity": "sha512-TropQZanbOTxa+p+Nl4fWkzlRhgFwDfW+Wb6TR3jZN7IXHNlPpgGFpdrgvBExhW/RBhqr+94OsR8Ou58lp3hhA==",
			"dependencies": {
				"@aws-sdk/core": "3.799.0",
				"@aws-sdk/types": "3.775.0",
				"@aws-sdk/util-endpoints": "3.787.0",
				"@smithy/core": "^3.3.0",
				"@smithy/protocol-http": "^5.1.0",
				"@smithy/types": "^4.2.0",
				"tslib": "^2.6.2"
			},
			"engines": {
				"node": ">=18.0.0"
			}
		},
		"node_modules/@aws-sdk/nested-clients": {
			"version": "3.799.0",
			"resolved": "https://registry.npmjs.org/@aws-sdk/nested-clients/-/nested-clients-3.799.0.tgz",
			"integrity": "sha512-zILlWh7asrcQG9JYMYgnvEQBfwmWKfED0yWCf3UNAmQcfS9wkCAWCgicNy/y5KvNvEYnHidsU117STtyuUNG5g==",
			"dependencies": {
				"@aws-crypto/sha256-browser": "5.2.0",
				"@aws-crypto/sha256-js": "5.2.0",
				"@aws-sdk/core": "3.799.0",
				"@aws-sdk/middleware-host-header": "3.775.0",
				"@aws-sdk/middleware-logger": "3.775.0",
				"@aws-sdk/middleware-recursion-detection": "3.775.0",
				"@aws-sdk/middleware-user-agent": "3.799.0",
				"@aws-sdk/region-config-resolver": "3.775.0",
				"@aws-sdk/types": "3.775.0",
				"@aws-sdk/util-endpoints": "3.787.0",
				"@aws-sdk/util-user-agent-browser": "3.775.0",
				"@aws-sdk/util-user-agent-node": "3.799.0",
				"@smithy/config-resolver": "^4.1.0",
				"@smithy/core": "^3.3.0",
				"@smithy/fetch-http-handler": "^5.0.2",
				"@smithy/hash-node": "^4.0.2",
				"@smithy/invalid-dependency": "^4.0.2",
				"@smithy/middleware-content-length": "^4.0.2",
				"@smithy/middleware-endpoint": "^4.1.1",
				"@smithy/middleware-retry": "^4.1.1",
				"@smithy/middleware-serde": "^4.0.3",
				"@smithy/middleware-stack": "^4.0.2",
				"@smithy/node-config-provider": "^4.0.2",
				"@smithy/node-http-handler": "^4.0.4",
				"@smithy/protocol-http": "^5.1.0",
				"@smithy/smithy-client": "^4.2.1",
				"@smithy/types": "^4.2.0",
				"@smithy/url-parser": "^4.0.2",
				"@smithy/util-base64": "^4.0.0",
				"@smithy/util-body-length-browser": "^4.0.0",
				"@smithy/util-body-length-node": "^4.0.0",
				"@smithy/util-defaults-mode-browser": "^4.0.9",
				"@smithy/util-defaults-mode-node": "^4.0.9",
				"@smithy/util-endpoints": "^3.0.2",
				"@smithy/util-middleware": "^4.0.2",
				"@smithy/util-retry": "^4.0.2",
				"@smithy/util-utf8": "^4.0.0",
				"tslib": "^2.6.2"
			},
			"engines": {
				"node": ">=18.0.0"
			}
		},
		"node_modules/@aws-sdk/region-config-resolver": {
			"version": "3.775.0",
			"resolved": "https://registry.npmjs.org/@aws-sdk/region-config-resolver/-/region-config-resolver-3.775.0.tgz",
			"integrity": "sha512-40iH3LJjrQS3LKUJAl7Wj0bln7RFPEvUYKFxtP8a+oKFDO0F65F52xZxIJbPn6sHkxWDAnZlGgdjZXM3p2g5wQ==",
			"dependencies": {
				"@aws-sdk/types": "3.775.0",
				"@smithy/node-config-provider": "^4.0.2",
				"@smithy/types": "^4.2.0",
				"@smithy/util-config-provider": "^4.0.0",
				"@smithy/util-middleware": "^4.0.2",
				"tslib": "^2.6.2"
			},
			"engines": {
				"node": ">=18.0.0"
			}
		},
		"node_modules/@aws-sdk/token-providers": {
			"version": "3.799.0",
			"resolved": "https://registry.npmjs.org/@aws-sdk/token-providers/-/token-providers-3.799.0.tgz",
			"integrity": "sha512-/8iDjnsJs/D8AhGbDAmdF5oSHzE4jsDsM2RIIxmBAKTZXkaaclQBNX9CmAqLKQmO3IUMZsDH2KENHLVAk/N/mw==",
			"dependencies": {
				"@aws-sdk/nested-clients": "3.799.0",
				"@aws-sdk/types": "3.775.0",
				"@smithy/property-provider": "^4.0.2",
				"@smithy/shared-ini-file-loader": "^4.0.2",
				"@smithy/types": "^4.2.0",
				"tslib": "^2.6.2"
			},
			"engines": {
				"node": ">=18.0.0"
			}
		},
		"node_modules/@aws-sdk/types": {
			"version": "3.775.0",
			"resolved": "https://registry.npmjs.org/@aws-sdk/types/-/types-3.775.0.tgz",
			"integrity": "sha512-ZoGKwa4C9fC9Av6bdfqcW6Ix5ot05F/S4VxWR2nHuMv7hzfmAjTOcUiWT7UR4hM/U0whf84VhDtXN/DWAk52KA==",
			"dependencies": {
				"@smithy/types": "^4.2.0",
				"tslib": "^2.6.2"
			},
			"engines": {
				"node": ">=18.0.0"
			}
		},
		"node_modules/@aws-sdk/util-endpoints": {
			"version": "3.787.0",
			"resolved": "https://registry.npmjs.org/@aws-sdk/util-endpoints/-/util-endpoints-3.787.0.tgz",
			"integrity": "sha512-fd3zkiOkwnbdbN0Xp9TsP5SWrmv0SpT70YEdbb8wAj2DWQwiCmFszaSs+YCvhoCdmlR3Wl9Spu0pGpSAGKeYvQ==",
			"dependencies": {
				"@aws-sdk/types": "3.775.0",
				"@smithy/types": "^4.2.0",
				"@smithy/util-endpoints": "^3.0.2",
				"tslib": "^2.6.2"
			},
			"engines": {
				"node": ">=18.0.0"
			}
		},
		"node_modules/@aws-sdk/util-locate-window": {
			"version": "3.723.0",
			"resolved": "https://registry.npmjs.org/@aws-sdk/util-locate-window/-/util-locate-window-3.723.0.tgz",
			"integrity": "sha512-Yf2CS10BqK688DRsrKI/EO6B8ff5J86NXe4C+VCysK7UOgN0l1zOTeTukZ3H8Q9tYYX3oaF1961o8vRkFm7Nmw==",
			"dependencies": {
				"tslib": "^2.6.2"
			},
			"engines": {
				"node": ">=18.0.0"
			}
		},
		"node_modules/@aws-sdk/util-user-agent-browser": {
			"version": "3.775.0",
			"resolved": "https://registry.npmjs.org/@aws-sdk/util-user-agent-browser/-/util-user-agent-browser-3.775.0.tgz",
			"integrity": "sha512-txw2wkiJmZKVdDbscK7VBK+u+TJnRtlUjRTLei+elZg2ADhpQxfVAQl436FUeIv6AhB/oRHW6/K/EAGXUSWi0A==",
			"dependencies": {
				"@aws-sdk/types": "3.775.0",
				"@smithy/types": "^4.2.0",
				"bowser": "^2.11.0",
				"tslib": "^2.6.2"
			}
		},
		"node_modules/@aws-sdk/util-user-agent-node": {
			"version": "3.799.0",
			"resolved": "https://registry.npmjs.org/@aws-sdk/util-user-agent-node/-/util-user-agent-node-3.799.0.tgz",
			"integrity": "sha512-iXBk38RbIWPF5Nq9O4AnktORAzXovSVqWYClvS1qbE7ILsnTLJbagU9HlU25O2iV5COVh1qZkwuP5NHQ2yTEyw==",
			"dependencies": {
				"@aws-sdk/middleware-user-agent": "3.799.0",
				"@aws-sdk/types": "3.775.0",
				"@smithy/node-config-provider": "^4.0.2",
				"@smithy/types": "^4.2.0",
				"tslib": "^2.6.2"
			},
			"engines": {
				"node": ">=18.0.0"
			},
			"peerDependencies": {
				"aws-crt": ">=1.0.0"
			},
			"peerDependenciesMeta": {
				"aws-crt": {
					"optional": true
				}
			}
		},
		"node_modules/@smithy/abort-controller": {
			"version": "4.0.2",
			"resolved": "https://registry.npmjs.org/@smithy/abort-controller/-/abort-controller-4.0.2.tgz",
			"integrity": "sha512-Sl/78VDtgqKxN2+1qduaVE140XF+Xg+TafkncspwM4jFP/LHr76ZHmIY/y3V1M0mMLNk+Je6IGbzxy23RSToMw==",
			"dependencies": {
				"@smithy/types": "^4.2.0",
				"tslib": "^2.6.2"
			},
			"engines": {
				"node": ">=18.0.0"
			}
		},
		"node_modules/@smithy/config-resolver": {
			"version": "4.1.0",
			"resolved": "https://registry.npmjs.org/@smithy/config-resolver/-/config-resolver-4.1.0.tgz",
			"integrity": "sha512-8smPlwhga22pwl23fM5ew4T9vfLUCeFXlcqNOCD5M5h8VmNPNUE9j6bQSuRXpDSV11L/E/SwEBQuW8hr6+nS1A==",
			"dependencies": {
				"@smithy/node-config-provider": "^4.0.2",
				"@smithy/types": "^4.2.0",
				"@smithy/util-config-provider": "^4.0.0",
				"@smithy/util-middleware": "^4.0.2",
				"tslib": "^2.6.2"
			},
			"engines": {
				"node": ">=18.0.0"
			}
		},
		"node_modules/@smithy/core": {
			"version": "3.3.0",
			"resolved": "https://registry.npmjs.org/@smithy/core/-/core-3.3.0.tgz",
			"integrity": "sha512-r6gvs5OfRq/w+9unPm7B3po4rmWaGh0CIL/OwHntGGux7+RhOOZLGuurbeMgWV6W55ZuyMTypJLeH0vn/ZRaWQ==",
			"dependencies": {
				"@smithy/middleware-serde": "^4.0.3",
				"@smithy/protocol-http": "^5.1.0",
				"@smithy/types": "^4.2.0",
				"@smithy/util-body-length-browser": "^4.0.0",
				"@smithy/util-middleware": "^4.0.2",
				"@smithy/util-stream": "^4.2.0",
				"@smithy/util-utf8": "^4.0.0",
				"tslib": "^2.6.2"
			},
			"engines": {
				"node": ">=18.0.0"
			}
		},
		"node_modules/@smithy/credential-provider-imds": {
			"version": "4.0.2",
			"resolved": "https://registry.npmjs.org/@smithy/credential-provider-imds/-/credential-provider-imds-4.0.2.tgz",
			"integrity": "sha512-32lVig6jCaWBHnY+OEQ6e6Vnt5vDHaLiydGrwYMW9tPqO688hPGTYRamYJ1EptxEC2rAwJrHWmPoKRBl4iTa8w==",
			"dependencies": {
				"@smithy/node-config-provider": "^4.0.2",
				"@smithy/property-provider": "^4.0.2",
				"@smithy/types": "^4.2.0",
				"@smithy/url-parser": "^4.0.2",
				"tslib": "^2.6.2"
			},
			"engines": {
				"node": ">=18.0.0"
			}
		},
		"node_modules/@smithy/eventstream-codec": {
			"version": "4.0.2",
			"resolved": "https://registry.npmjs.org/@smithy/eventstream-codec/-/eventstream-codec-4.0.2.tgz",
			"integrity": "sha512-p+f2kLSK7ZrXVfskU/f5dzksKTewZk8pJLPvER3aFHPt76C2MxD9vNatSfLzzQSQB4FNO96RK4PSXfhD1TTeMQ==",
			"dependencies": {
				"@aws-crypto/crc32": "5.2.0",
				"@smithy/types": "^4.2.0",
				"@smithy/util-hex-encoding": "^4.0.0",
				"tslib": "^2.6.2"
			},
			"engines": {
				"node": ">=18.0.0"
			}
		},
		"node_modules/@smithy/eventstream-serde-browser": {
			"version": "4.0.2",
			"resolved": "https://registry.npmjs.org/@smithy/eventstream-serde-browser/-/eventstream-serde-browser-4.0.2.tgz",
			"integrity": "sha512-CepZCDs2xgVUtH7ZZ7oDdZFH8e6Y2zOv8iiX6RhndH69nlojCALSKK+OXwZUgOtUZEUaZ5e1hULVCHYbCn7pug==",
			"dependencies": {
				"@smithy/eventstream-serde-universal": "^4.0.2",
				"@smithy/types": "^4.2.0",
				"tslib": "^2.6.2"
			},
			"engines": {
				"node": ">=18.0.0"
			}
		},
		"node_modules/@smithy/eventstream-serde-config-resolver": {
			"version": "4.1.0",
			"resolved": "https://registry.npmjs.org/@smithy/eventstream-serde-config-resolver/-/eventstream-serde-config-resolver-4.1.0.tgz",
			"integrity": "sha512-1PI+WPZ5TWXrfj3CIoKyUycYynYJgZjuQo8U+sphneOtjsgrttYybdqESFReQrdWJ+LKt6NEdbYzmmfDBmjX2A==",
			"dependencies": {
				"@smithy/types": "^4.2.0",
				"tslib": "^2.6.2"
			},
			"engines": {
				"node": ">=18.0.0"
			}
		},
		"node_modules/@smithy/eventstream-serde-node": {
			"version": "4.0.2",
			"resolved": "https://registry.npmjs.org/@smithy/eventstream-serde-node/-/eventstream-serde-node-4.0.2.tgz",
			"integrity": "sha512-C5bJ/C6x9ENPMx2cFOirspnF9ZsBVnBMtP6BdPl/qYSuUawdGQ34Lq0dMcf42QTjUZgWGbUIZnz6+zLxJlb9aw==",
			"dependencies": {
				"@smithy/eventstream-serde-universal": "^4.0.2",
				"@smithy/types": "^4.2.0",
				"tslib": "^2.6.2"
			},
			"engines": {
				"node": ">=18.0.0"
			}
		},
		"node_modules/@smithy/eventstream-serde-universal": {
			"version": "4.0.2",
			"resolved": "https://registry.npmjs.org/@smithy/eventstream-serde-universal/-/eventstream-serde-universal-4.0.2.tgz",
			"integrity": "sha512-St8h9JqzvnbB52FtckiHPN4U/cnXcarMniXRXTKn0r4b4XesZOGiAyUdj1aXbqqn1icSqBlzzUsCl6nPB018ng==",
			"dependencies": {
				"@smithy/eventstream-codec": "^4.0.2",
				"@smithy/types": "^4.2.0",
				"tslib": "^2.6.2"
			},
			"engines": {
				"node": ">=18.0.0"
			}
		},
		"node_modules/@smithy/fetch-http-handler": {
			"version": "5.0.2",
			"resolved": "https://registry.npmjs.org/@smithy/fetch-http-handler/-/fetch-http-handler-5.0.2.tgz",
			"integrity": "sha512-+9Dz8sakS9pe7f2cBocpJXdeVjMopUDLgZs1yWeu7h++WqSbjUYv/JAJwKwXw1HV6gq1jyWjxuyn24E2GhoEcQ==",
			"dependencies": {
				"@smithy/protocol-http": "^5.1.0",
				"@smithy/querystring-builder": "^4.0.2",
				"@smithy/types": "^4.2.0",
				"@smithy/util-base64": "^4.0.0",
				"tslib": "^2.6.2"
			},
			"engines": {
				"node": ">=18.0.0"
			}
		},
		"node_modules/@smithy/hash-node": {
			"version": "4.0.2",
			"resolved": "https://registry.npmjs.org/@smithy/hash-node/-/hash-node-4.0.2.tgz",
			"integrity": "sha512-VnTpYPnRUE7yVhWozFdlxcYknv9UN7CeOqSrMH+V877v4oqtVYuoqhIhtSjmGPvYrYnAkaM61sLMKHvxL138yg==",
			"dependencies": {
				"@smithy/types": "^4.2.0",
				"@smithy/util-buffer-from": "^4.0.0",
				"@smithy/util-utf8": "^4.0.0",
				"tslib": "^2.6.2"
			},
			"engines": {
				"node": ">=18.0.0"
			}
		},
		"node_modules/@smithy/invalid-dependency": {
			"version": "4.0.2",
			"resolved": "https://registry.npmjs.org/@smithy/invalid-dependency/-/invalid-dependency-4.0.2.tgz",
			"integrity": "sha512-GatB4+2DTpgWPday+mnUkoumP54u/MDM/5u44KF9hIu8jF0uafZtQLcdfIKkIcUNuF/fBojpLEHZS/56JqPeXQ==",
			"dependencies": {
				"@smithy/types": "^4.2.0",
				"tslib": "^2.6.2"
			},
			"engines": {
				"node": ">=18.0.0"
			}
		},
		"node_modules/@smithy/is-array-buffer": {
			"version": "4.0.0",
			"resolved": "https://registry.npmjs.org/@smithy/is-array-buffer/-/is-array-buffer-4.0.0.tgz",
			"integrity": "sha512-saYhF8ZZNoJDTvJBEWgeBccCg+yvp1CX+ed12yORU3NilJScfc6gfch2oVb4QgxZrGUx3/ZJlb+c/dJbyupxlw==",
			"dependencies": {
				"tslib": "^2.6.2"
			},
			"engines": {
				"node": ">=18.0.0"
			}
		},
		"node_modules/@smithy/middleware-content-length": {
			"version": "4.0.2",
			"resolved": "https://registry.npmjs.org/@smithy/middleware-content-length/-/middleware-content-length-4.0.2.tgz",
			"integrity": "sha512-hAfEXm1zU+ELvucxqQ7I8SszwQ4znWMbNv6PLMndN83JJN41EPuS93AIyh2N+gJ6x8QFhzSO6b7q2e6oClDI8A==",
			"dependencies": {
				"@smithy/protocol-http": "^5.1.0",
				"@smithy/types": "^4.2.0",
				"tslib": "^2.6.2"
			},
			"engines": {
				"node": ">=18.0.0"
			}
		},
		"node_modules/@smithy/middleware-endpoint": {
			"version": "4.1.1",
			"resolved": "https://registry.npmjs.org/@smithy/middleware-endpoint/-/middleware-endpoint-4.1.1.tgz",
			"integrity": "sha512-z5RmcHxjvScL+LwEDU2mTNCOhgUs4lu5PGdF1K36IPRmUHhNFxNxgenSB7smyDiYD4vdKQ7CAZtG5cUErqib9w==",
			"dependencies": {
				"@smithy/core": "^3.3.0",
				"@smithy/middleware-serde": "^4.0.3",
				"@smithy/node-config-provider": "^4.0.2",
				"@smithy/shared-ini-file-loader": "^4.0.2",
				"@smithy/types": "^4.2.0",
				"@smithy/url-parser": "^4.0.2",
				"@smithy/util-middleware": "^4.0.2",
				"tslib": "^2.6.2"
			},
			"engines": {
				"node": ">=18.0.0"
			}
		},
		"node_modules/@smithy/middleware-retry": {
			"version": "4.1.1",
			"resolved": "https://registry.npmjs.org/@smithy/middleware-retry/-/middleware-retry-4.1.1.tgz",
			"integrity": "sha512-mBJOxn9aUYwcBUPQpKv9ifzrCn4EbhPUFguEZv3jB57YOMh0caS4P8HoLvUeNUI1nx4bIVH2SIbogbDfFI9DUA==",
			"dependencies": {
				"@smithy/node-config-provider": "^4.0.2",
				"@smithy/protocol-http": "^5.1.0",
				"@smithy/service-error-classification": "^4.0.2",
				"@smithy/smithy-client": "^4.2.1",
				"@smithy/types": "^4.2.0",
				"@smithy/util-middleware": "^4.0.2",
				"@smithy/util-retry": "^4.0.2",
				"tslib": "^2.6.2",
				"uuid": "^9.0.1"
			},
			"engines": {
				"node": ">=18.0.0"
			}
		},
		"node_modules/@smithy/middleware-serde": {
			"version": "4.0.3",
			"resolved": "https://registry.npmjs.org/@smithy/middleware-serde/-/middleware-serde-4.0.3.tgz",
			"integrity": "sha512-rfgDVrgLEVMmMn0BI8O+8OVr6vXzjV7HZj57l0QxslhzbvVfikZbVfBVthjLHqib4BW44QhcIgJpvebHlRaC9A==",
			"dependencies": {
				"@smithy/types": "^4.2.0",
				"tslib": "^2.6.2"
			},
			"engines": {
				"node": ">=18.0.0"
			}
		},
		"node_modules/@smithy/middleware-stack": {
			"version": "4.0.2",
			"resolved": "https://registry.npmjs.org/@smithy/middleware-stack/-/middleware-stack-4.0.2.tgz",
			"integrity": "sha512-eSPVcuJJGVYrFYu2hEq8g8WWdJav3sdrI4o2c6z/rjnYDd3xH9j9E7deZQCzFn4QvGPouLngH3dQ+QVTxv5bOQ==",
			"dependencies": {
				"@smithy/types": "^4.2.0",
				"tslib": "^2.6.2"
			},
			"engines": {
				"node": ">=18.0.0"
			}
		},
		"node_modules/@smithy/node-config-provider": {
			"version": "4.0.2",
			"resolved": "https://registry.npmjs.org/@smithy/node-config-provider/-/node-config-provider-4.0.2.tgz",
			"integrity": "sha512-WgCkILRZfJwJ4Da92a6t3ozN/zcvYyJGUTmfGbgS/FkCcoCjl7G4FJaCDN1ySdvLvemnQeo25FdkyMSTSwulsw==",
			"dependencies": {
				"@smithy/property-provider": "^4.0.2",
				"@smithy/shared-ini-file-loader": "^4.0.2",
				"@smithy/types": "^4.2.0",
				"tslib": "^2.6.2"
			},
			"engines": {
				"node": ">=18.0.0"
			}
		},
		"node_modules/@smithy/node-http-handler": {
			"version": "4.0.4",
			"resolved": "https://registry.npmjs.org/@smithy/node-http-handler/-/node-http-handler-4.0.4.tgz",
			"integrity": "sha512-/mdqabuAT3o/ihBGjL94PUbTSPSRJ0eeVTdgADzow0wRJ0rN4A27EOrtlK56MYiO1fDvlO3jVTCxQtQmK9dZ1g==",
			"dependencies": {
				"@smithy/abort-controller": "^4.0.2",
				"@smithy/protocol-http": "^5.1.0",
				"@smithy/querystring-builder": "^4.0.2",
				"@smithy/types": "^4.2.0",
				"tslib": "^2.6.2"
			},
			"engines": {
				"node": ">=18.0.0"
			}
		},
		"node_modules/@smithy/property-provider": {
			"version": "4.0.2",
			"resolved": "https://registry.npmjs.org/@smithy/property-provider/-/property-provider-4.0.2.tgz",
			"integrity": "sha512-wNRoQC1uISOuNc2s4hkOYwYllmiyrvVXWMtq+TysNRVQaHm4yoafYQyjN/goYZS+QbYlPIbb/QRjaUZMuzwQ7A==",
			"dependencies": {
				"@smithy/types": "^4.2.0",
				"tslib": "^2.6.2"
			},
			"engines": {
				"node": ">=18.0.0"
			}
		},
		"node_modules/@smithy/protocol-http": {
			"version": "5.1.0",
			"resolved": "https://registry.npmjs.org/@smithy/protocol-http/-/protocol-http-5.1.0.tgz",
			"integrity": "sha512-KxAOL1nUNw2JTYrtviRRjEnykIDhxc84qMBzxvu1MUfQfHTuBlCG7PA6EdVwqpJjH7glw7FqQoFxUJSyBQgu7g==",
			"dependencies": {
				"@smithy/types": "^4.2.0",
				"tslib": "^2.6.2"
			},
			"engines": {
				"node": ">=18.0.0"
			}
		},
		"node_modules/@smithy/querystring-builder": {
			"version": "4.0.2",
			"resolved": "https://registry.npmjs.org/@smithy/querystring-builder/-/querystring-builder-4.0.2.tgz",
			"integrity": "sha512-NTOs0FwHw1vimmQM4ebh+wFQvOwkEf/kQL6bSM1Lock+Bv4I89B3hGYoUEPkmvYPkDKyp5UdXJYu+PoTQ3T31Q==",
			"dependencies": {
				"@smithy/types": "^4.2.0",
				"@smithy/util-uri-escape": "^4.0.0",
				"tslib": "^2.6.2"
			},
			"engines": {
				"node": ">=18.0.0"
			}
		},
		"node_modules/@smithy/querystring-parser": {
			"version": "4.0.2",
			"resolved": "https://registry.npmjs.org/@smithy/querystring-parser/-/querystring-parser-4.0.2.tgz",
			"integrity": "sha512-v6w8wnmZcVXjfVLjxw8qF7OwESD9wnpjp0Dqry/Pod0/5vcEA3qxCr+BhbOHlxS8O+29eLpT3aagxXGwIoEk7Q==",
			"dependencies": {
				"@smithy/types": "^4.2.0",
				"tslib": "^2.6.2"
			},
			"engines": {
				"node": ">=18.0.0"
			}
		},
		"node_modules/@smithy/service-error-classification": {
			"version": "4.0.2",
			"resolved": "https://registry.npmjs.org/@smithy/service-error-classification/-/service-error-classification-4.0.2.tgz",
			"integrity": "sha512-LA86xeFpTKn270Hbkixqs5n73S+LVM0/VZco8dqd+JT75Dyx3Lcw/MraL7ybjmz786+160K8rPOmhsq0SocoJQ==",
			"dependencies": {
				"@smithy/types": "^4.2.0"
			},
			"engines": {
				"node": ">=18.0.0"
			}
		},
		"node_modules/@smithy/shared-ini-file-loader": {
			"version": "4.0.2",
			"resolved": "https://registry.npmjs.org/@smithy/shared-ini-file-loader/-/shared-ini-file-loader-4.0.2.tgz",
			"integrity": "sha512-J9/gTWBGVuFZ01oVA6vdb4DAjf1XbDhK6sLsu3OS9qmLrS6KB5ygpeHiM3miIbj1qgSJ96GYszXFWv6ErJ8QEw==",
			"dependencies": {
				"@smithy/types": "^4.2.0",
				"tslib": "^2.6.2"
			},
			"engines": {
				"node": ">=18.0.0"
			}
		},
		"node_modules/@smithy/signature-v4": {
			"version": "5.1.0",
			"resolved": "https://registry.npmjs.org/@smithy/signature-v4/-/signature-v4-5.1.0.tgz",
			"integrity": "sha512-4t5WX60sL3zGJF/CtZsUQTs3UrZEDO2P7pEaElrekbLqkWPYkgqNW1oeiNYC6xXifBnT9dVBOnNQRvOE9riU9w==",
			"dependencies": {
				"@smithy/is-array-buffer": "^4.0.0",
				"@smithy/protocol-http": "^5.1.0",
				"@smithy/types": "^4.2.0",
				"@smithy/util-hex-encoding": "^4.0.0",
				"@smithy/util-middleware": "^4.0.2",
				"@smithy/util-uri-escape": "^4.0.0",
				"@smithy/util-utf8": "^4.0.0",
				"tslib": "^2.6.2"
			},
			"engines": {
				"node": ">=18.0.0"
			}
		},
		"node_modules/@smithy/smithy-client": {
			"version": "4.2.1",
			"resolved": "https://registry.npmjs.org/@smithy/smithy-client/-/smithy-client-4.2.1.tgz",
			"integrity": "sha512-fbniZef60QdsBc4ZY0iyI8xbFHIiC/QRtPi66iE4ufjiE/aaz7AfUXzcWMkpO8r+QhLeNRIfmPchIG+3/QDZ6g==",
			"dependencies": {
				"@smithy/core": "^3.3.0",
				"@smithy/middleware-endpoint": "^4.1.1",
				"@smithy/middleware-stack": "^4.0.2",
				"@smithy/protocol-http": "^5.1.0",
				"@smithy/types": "^4.2.0",
				"@smithy/util-stream": "^4.2.0",
				"tslib": "^2.6.2"
			},
			"engines": {
				"node": ">=18.0.0"
			}
		},
		"node_modules/@smithy/types": {
			"version": "4.2.0",
			"resolved": "https://registry.npmjs.org/@smithy/types/-/types-4.2.0.tgz",
			"integrity": "sha512-7eMk09zQKCO+E/ivsjQv+fDlOupcFUCSC/L2YUPgwhvowVGWbPQHjEFcmjt7QQ4ra5lyowS92SV53Zc6XD4+fg==",
			"dependencies": {
				"tslib": "^2.6.2"
			},
			"engines": {
				"node": ">=18.0.0"
			}
		},
		"node_modules/@smithy/url-parser": {
			"version": "4.0.2",
			"resolved": "https://registry.npmjs.org/@smithy/url-parser/-/url-parser-4.0.2.tgz",
			"integrity": "sha512-Bm8n3j2ScqnT+kJaClSVCMeiSenK6jVAzZCNewsYWuZtnBehEz4r2qP0riZySZVfzB+03XZHJeqfmJDkeeSLiQ==",
			"dependencies": {
				"@smithy/querystring-parser": "^4.0.2",
				"@smithy/types": "^4.2.0",
				"tslib": "^2.6.2"
			},
			"engines": {
				"node": ">=18.0.0"
			}
		},
		"node_modules/@smithy/util-base64": {
			"version": "4.0.0",
			"resolved": "https://registry.npmjs.org/@smithy/util-base64/-/util-base64-4.0.0.tgz",
			"integrity": "sha512-CvHfCmO2mchox9kjrtzoHkWHxjHZzaFojLc8quxXY7WAAMAg43nuxwv95tATVgQFNDwd4M9S1qFzj40Ul41Kmg==",
			"dependencies": {
				"@smithy/util-buffer-from": "^4.0.0",
				"@smithy/util-utf8": "^4.0.0",
				"tslib": "^2.6.2"
			},
			"engines": {
				"node": ">=18.0.0"
			}
		},
		"node_modules/@smithy/util-body-length-browser": {
			"version": "4.0.0",
			"resolved": "https://registry.npmjs.org/@smithy/util-body-length-browser/-/util-body-length-browser-4.0.0.tgz",
			"integrity": "sha512-sNi3DL0/k64/LO3A256M+m3CDdG6V7WKWHdAiBBMUN8S3hK3aMPhwnPik2A/a2ONN+9doY9UxaLfgqsIRg69QA==",
			"dependencies": {
				"tslib": "^2.6.2"
			},
			"engines": {
				"node": ">=18.0.0"
			}
		},
		"node_modules/@smithy/util-body-length-node": {
			"version": "4.0.0",
			"resolved": "https://registry.npmjs.org/@smithy/util-body-length-node/-/util-body-length-node-4.0.0.tgz",
			"integrity": "sha512-q0iDP3VsZzqJyje8xJWEJCNIu3lktUGVoSy1KB0UWym2CL1siV3artm+u1DFYTLejpsrdGyCSWBdGNjJzfDPjg==",
			"dependencies": {
				"tslib": "^2.6.2"
			},
			"engines": {
				"node": ">=18.0.0"
			}
		},
		"node_modules/@smithy/util-buffer-from": {
			"version": "4.0.0",
			"resolved": "https://registry.npmjs.org/@smithy/util-buffer-from/-/util-buffer-from-4.0.0.tgz",
			"integrity": "sha512-9TOQ7781sZvddgO8nxueKi3+yGvkY35kotA0Y6BWRajAv8jjmigQ1sBwz0UX47pQMYXJPahSKEKYFgt+rXdcug==",
			"dependencies": {
				"@smithy/is-array-buffer": "^4.0.0",
				"tslib": "^2.6.2"
			},
			"engines": {
				"node": ">=18.0.0"
			}
		},
		"node_modules/@smithy/util-config-provider": {
			"version": "4.0.0",
			"resolved": "https://registry.npmjs.org/@smithy/util-config-provider/-/util-config-provider-4.0.0.tgz",
			"integrity": "sha512-L1RBVzLyfE8OXH+1hsJ8p+acNUSirQnWQ6/EgpchV88G6zGBTDPdXiiExei6Z1wR2RxYvxY/XLw6AMNCCt8H3w==",
			"dependencies": {
				"tslib": "^2.6.2"
			},
			"engines": {
				"node": ">=18.0.0"
			}
		},
		"node_modules/@smithy/util-defaults-mode-browser": {
			"version": "4.0.9",
			"resolved": "https://registry.npmjs.org/@smithy/util-defaults-mode-browser/-/util-defaults-mode-browser-4.0.9.tgz",
			"integrity": "sha512-B8j0XsElvyhv6+5hlFf6vFV/uCSyLKcInpeXOGnOImX2mGXshE01RvPoGipTlRpIk53e6UfYj7WdDdgbVfXDZw==",
			"dependencies": {
				"@smithy/property-provider": "^4.0.2",
				"@smithy/smithy-client": "^4.2.1",
				"@smithy/types": "^4.2.0",
				"bowser": "^2.11.0",
				"tslib": "^2.6.2"
			},
			"engines": {
				"node": ">=18.0.0"
			}
		},
		"node_modules/@smithy/util-defaults-mode-node": {
			"version": "4.0.9",
			"resolved": "https://registry.npmjs.org/@smithy/util-defaults-mode-node/-/util-defaults-mode-node-4.0.9.tgz",
			"integrity": "sha512-wTDU8P/zdIf9DOpV5qm64HVgGRXvqjqB/fJZTEQbrz3s79JHM/E7XkMm/876Oq+ZLHJQgnXM9QHDo29dlM62eA==",
			"dependencies": {
				"@smithy/config-resolver": "^4.1.0",
				"@smithy/credential-provider-imds": "^4.0.2",
				"@smithy/node-config-provider": "^4.0.2",
				"@smithy/property-provider": "^4.0.2",
				"@smithy/smithy-client": "^4.2.1",
				"@smithy/types": "^4.2.0",
				"tslib": "^2.6.2"
			},
			"engines": {
				"node": ">=18.0.0"
			}
		},
		"node_modules/@smithy/util-endpoints": {
			"version": "3.0.2",
			"resolved": "https://registry.npmjs.org/@smithy/util-endpoints/-/util-endpoints-3.0.2.tgz",
			"integrity": "sha512-6QSutU5ZyrpNbnd51zRTL7goojlcnuOB55+F9VBD+j8JpRY50IGamsjlycrmpn8PQkmJucFW8A0LSfXj7jjtLQ==",
			"dependencies": {
				"@smithy/node-config-provider": "^4.0.2",
				"@smithy/types": "^4.2.0",
				"tslib": "^2.6.2"
			},
			"engines": {
				"node": ">=18.0.0"
			}
		},
		"node_modules/@smithy/util-hex-encoding": {
			"version": "4.0.0",
			"resolved": "https://registry.npmjs.org/@smithy/util-hex-encoding/-/util-hex-encoding-4.0.0.tgz",
			"integrity": "sha512-Yk5mLhHtfIgW2W2WQZWSg5kuMZCVbvhFmC7rV4IO2QqnZdbEFPmQnCcGMAX2z/8Qj3B9hYYNjZOhWym+RwhePw==",
			"dependencies": {
				"tslib": "^2.6.2"
			},
			"engines": {
				"node": ">=18.0.0"
			}
		},
		"node_modules/@smithy/util-middleware": {
			"version": "4.0.2",
			"resolved": "https://registry.npmjs.org/@smithy/util-middleware/-/util-middleware-4.0.2.tgz",
			"integrity": "sha512-6GDamTGLuBQVAEuQ4yDQ+ti/YINf/MEmIegrEeg7DdB/sld8BX1lqt9RRuIcABOhAGTA50bRbPzErez7SlDtDQ==",
			"dependencies": {
				"@smithy/types": "^4.2.0",
				"tslib": "^2.6.2"
			},
			"engines": {
				"node": ">=18.0.0"
			}
		},
		"node_modules/@smithy/util-retry": {
			"version": "4.0.2",
			"resolved": "https://registry.npmjs.org/@smithy/util-retry/-/util-retry-4.0.2.tgz",
			"integrity": "sha512-Qryc+QG+7BCpvjloFLQrmlSd0RsVRHejRXd78jNO3+oREueCjwG1CCEH1vduw/ZkM1U9TztwIKVIi3+8MJScGg==",
			"dependencies": {
				"@smithy/service-error-classification": "^4.0.2",
				"@smithy/types": "^4.2.0",
				"tslib": "^2.6.2"
			},
			"engines": {
				"node": ">=18.0.0"
			}
		},
		"node_modules/@smithy/util-stream": {
			"version": "4.2.0",
			"resolved": "https://registry.npmjs.org/@smithy/util-stream/-/util-stream-4.2.0.tgz",
			"integrity": "sha512-Vj1TtwWnuWqdgQI6YTUF5hQ/0jmFiOYsc51CSMgj7QfyO+RF4EnT2HNjoviNlOOmgzgvf3f5yno+EiC4vrnaWQ==",
			"dependencies": {
				"@smithy/fetch-http-handler": "^5.0.2",
				"@smithy/node-http-handler": "^4.0.4",
				"@smithy/types": "^4.2.0",
				"@smithy/util-base64": "^4.0.0",
				"@smithy/util-buffer-from": "^4.0.0",
				"@smithy/util-hex-encoding": "^4.0.0",
				"@smithy/util-utf8": "^4.0.0",
				"tslib": "^2.6.2"
			},
			"engines": {
				"node": ">=18.0.0"
			}
		},
		"node_modules/@smithy/util-uri-escape": {
			"version": "4.0.0",
			"resolved": "https://registry.npmjs.org/@smithy/util-uri-escape/-/util-uri-escape-4.0.0.tgz",
			"integrity": "sha512-77yfbCbQMtgtTylO9itEAdpPXSog3ZxMe09AEhm0dU0NLTalV70ghDZFR+Nfi1C60jnJoh/Re4090/DuZh2Omg==",
			"dependencies": {
				"tslib": "^2.6.2"
			},
			"engines": {
				"node": ">=18.0.0"
			}
		},
		"node_modules/@smithy/util-utf8": {
			"version": "4.0.0",
			"resolved": "https://registry.npmjs.org/@smithy/util-utf8/-/util-utf8-4.0.0.tgz",
			"integrity": "sha512-b+zebfKCfRdgNJDknHCob3O7FpeYQN6ZG6YLExMcasDHsCXlsXCEuiPZeLnJLpwa5dvPetGlnGCiMHuLwGvFow==",
			"dependencies": {
				"@smithy/util-buffer-from": "^4.0.0",
				"tslib": "^2.6.2"
			},
			"engines": {
				"node": ">=18.0.0"
			}
		},
		"node_modules/@smithy/util-waiter": {
			"version": "4.0.3",
			"resolved": "https://registry.npmjs.org/@smithy/util-waiter/-/util-waiter-4.0.3.tgz",
			"integrity": "sha512-JtaY3FxmD+te+KSI2FJuEcfNC9T/DGGVf551babM7fAaXhjJUt7oSYurH1Devxd2+BOSUACCgt3buinx4UnmEA==",
			"dependencies": {
				"@smithy/abort-controller": "^4.0.2",
				"@smithy/types": "^4.2.0",
				"tslib": "^2.6.2"
			},
			"engines": {
				"node": ">=18.0.0"
			}
		},
		"node_modules/bowser": {
			"version": "2.11.0",
			"resolved": "https://registry.npmjs.org/bowser/-/bowser-2.11.0.tgz",
			"integrity": "sha512-AlcaJBi/pqqJBIQ8U9Mcpc9i8Aqxn88Skv5d+xBX006BY5u8N3mGLHa5Lgppa7L/HfwgwLgZ6NYs+Ag6uUmJRA=="
		},
		"node_modules/fast-xml-parser": {
			"version": "4.4.1",
			"resolved": "https://registry.npmjs.org/fast-xml-parser/-/fast-xml-parser-4.4.1.tgz",
			"integrity": "sha512-xkjOecfnKGkSsOwtZ5Pz7Us/T6mrbPQrq0nh+aCO5V9nk5NLWmasAHumTKjiPJPWANe+kAZ84Jc8ooJkzZ88Sw==",
			"funding": [
				{
					"type": "github",
					"url": "https://github.com/sponsors/NaturalIntelligence"
				},
				{
					"type": "paypal",
					"url": "https://paypal.me/naturalintelligence"
				}
			],
			"dependencies": {
				"strnum": "^1.0.5"
			},
			"bin": {
				"fxparser": "src/cli/cli.js"
			}
		},
		"node_modules/strnum": {
			"version": "1.1.2",
			"resolved": "https://registry.npmjs.org/strnum/-/strnum-1.1.2.tgz",
			"integrity": "sha512-vrN+B7DBIoTTZjnPNewwhx6cBA/H+IS7rfW68n7XxC1y7uoiGQBxaKzqucGUgavX15dJgiGztLJ8vxuEzwqBdA==",
			"funding": [
				{
					"type": "github",
					"url": "https://github.com/sponsors/NaturalIntelligence"
				}
			]
		},
		"node_modules/tslib": {
			"version": "2.8.1",
			"resolved": "https://registry.npmjs.org/tslib/-/tslib-2.8.1.tgz",
			"integrity": "sha512-oJFu94HQb+KVduSUQL7wnpmqnfmLsOA/nAh6b6EH0wCEoK0/mPeXU6c3wKDV83MkOuHPRHtSXKKU99IBazS/2w=="
		},
		"node_modules/uuid": {
			"version": "9.0.1",
			"resolved": "https://registry.npmjs.org/uuid/-/uuid-9.0.1.tgz",
			"integrity": "sha512-b+1eJOlsR9K8HJpow9Ok3fiWOWSIcIzXodvv0rQjVoOVNpWMpxf1wZNpt4y9h10odCNrqnYp1OBzRktckBe3sA==",
			"funding": [
				"https://github.com/sponsors/broofa",
				"https://github.com/sponsors/ctavan"
			],
			"bin": {
				"uuid": "dist/bin/uuid"
			}
		}
	}
}
