{
	"name": "@laconia/xray",
	"version": "1.14.0",
	"lockfileVersion": 1,
	"requires": true,
	"dependencies": {
		"@aws-sdk/service-error-classification": {
			"version": "3.310.0",
			"resolved": "https://registry.npmjs.org/@aws-sdk/service-error-classification/-/service-error-classification-3.310.0.tgz",
			"integrity": "sha512-PuyC7k3qfIKeH2LCnDwbttMOKq3qAx4buvg0yfnJtQOz6t1AR8gsnAq0CjKXXyfkXwNKWTqCpE6lVNUIkXgsMw=="
		},
		"@aws-sdk/types": {
			"version": "3.310.0",
			"resolved": "https://registry.npmjs.org/@aws-sdk/types/-/types-3.310.0.tgz",
			"integrity": "sha512-j8eamQJ7YcIhw7fneUfs8LYl3t01k4uHi4ZDmNRgtbmbmTTG3FZc2MotStZnp3nZB6vLiPF1o5aoJxWVvkzS6A==",
			"requires": {
				"tslib": "^2.5.0"
			}
		},
		"@laconia/test-helper": {
			"version": "file:../laconia-test-helper",
			"dev": true,
			"requires": {
				"p-wait-for": "^3.1.0"
			},
			"dependencies": {
				"p-finally": {
					"version": "1.0.0",
					"resolved": "https://registry.npmjs.org/p-finally/-/p-finally-1.0.0.tgz",
					"integrity": "sha512-LICb2p9CB7FS+0eR1oqWnHhp0FljGLZCWBE9aix0Uye9W8LTQPwMTYVGWQWIw9RdQiDg4+epXQODwIYJtSJaow==",
					"dev": true
				},
				"p-timeout": {
					"version": "3.2.0",
					"resolved": "https://registry.npmjs.org/p-timeout/-/p-timeout-3.2.0.tgz",
					"integrity": "sha512-rhIwUycgwwKcP9yTOOFK/AKsAopjjCakVqLHePO3CC6Mir1Z99xT+R63jZxAT5lFZLa2inS5h+ZS2GvR99/FBg==",
					"dev": true,
					"requires": {
						"p-finally": "^1.0.0"
					}
				},
				"p-wait-for": {
					"version": "3.2.0",
					"resolved": "https://registry.npmjs.org/p-wait-for/-/p-wait-for-3.2.0.tgz",
					"integrity": "sha512-wpgERjNkLrBiFmkMEjuZJEWKKDrNfHCKA1OhyN1wg1FrLkULbviEy6py1AyJUgZ72YWFbZ38FIpnqvVqAlDUwA==",
					"dev": true,
					"requires": {
						"p-timeout": "^3.0.0"
					}
				}
			}
		},
		"@types/cls-hooked": {
			"version": "4.3.3",
			"resolved": "https://registry.npmjs.org/@types/cls-hooked/-/cls-hooked-4.3.3.tgz",
			"integrity": "sha512-gNstDTb/ty5h6gJd6YpSPgsLX9LmRpaKJqGFp7MRlYxhwp4vXXKlJ9+bt1TZ9KbVNXE+Mbxy2AYXcpY21DDtJw==",
			"requires": {
				"@types/node": "*"
			}
		},
		"@types/node": {
			"version": "18.16.3",
			"resolved": "https://registry.npmjs.org/@types/node/-/node-18.16.3.tgz",
			"integrity": "sha512-OPs5WnnT1xkCBiuQrZA4+YAV4HEJejmHneyraIaxsbev5yCEr6KMwINNFP9wQeFIw8FWcoTqF3vQsa5CDaI+8Q=="
		},
		"async-hook-jl": {
			"version": "1.7.6",
			"resolved": "https://registry.npmjs.org/async-hook-jl/-/async-hook-jl-1.7.6.tgz",
			"integrity": "sha512-gFaHkFfSxTjvoxDMYqDuGHlcRyUuamF8s+ZTtJdDzqjws4mCt7v0vuV79/E2Wr2/riMQgtG4/yUtXWs1gZ7JMg==",
			"requires": {
				"stack-chain": "^1.3.7"
			}
		},
		"atomic-batcher": {
			"version": "1.0.2",
			"resolved": "https://registry.npmjs.org/atomic-batcher/-/atomic-batcher-1.0.2.tgz",
			"integrity": "sha512-EFGCRj4kLX1dHv1cDzTk+xbjBFj1GnJDpui52YmEcxxHHEWjYyT6l51U7n6WQ28osZH4S9gSybxe56Vm7vB61Q=="
		},
		"aws-xray-sdk-core": {
			"version": "3.5.0",
			"resolved": "https://registry.npmjs.org/aws-xray-sdk-core/-/aws-xray-sdk-core-3.5.0.tgz",
			"integrity": "sha512-T3mL9mGwnfGyZrf7RsZp702+prTCEMzX7zrqD7flwMZeb6ymXlSgREmeXys80r/9CHFgq/+JR+IclM+hep0yRw==",
			"requires": {
				"@aws-sdk/service-error-classification": "^3.4.1",
				"@aws-sdk/types": "^3.4.1",
				"@types/cls-hooked": "^4.3.3",
				"atomic-batcher": "^1.0.2",
				"cls-hooked": "^4.2.2",
				"semver": "^7.3.8"
			}
		},
		"cls-hooked": {
			"version": "4.2.2",
			"resolved": "https://registry.npmjs.org/cls-hooked/-/cls-hooked-4.2.2.tgz",
			"integrity": "sha512-J4Xj5f5wq/4jAvcdgoGsL3G103BtWpZrMo8NEinRltN+xpTZdI+M38pyQqhuFU/P792xkMFvnKSf+Lm81U1bxw==",
			"requires": {
				"async-hook-jl": "^1.7.6",
				"emitter-listener": "^1.0.1",
				"semver": "^5.4.1"
			},
			"dependencies": {
				"semver": {
					"version": "5.7.2",
					"resolved": "https://registry.npmjs.org/semver/-/semver-5.7.2.tgz",
					"integrity": "sha512-cBznnQ9KjJqU67B52RMC65CMarK2600WFnbkcaiwWq3xy/5haFJlshgnpjovMVJ+Hff49d8GEn0b87C5pDQ10g=="
				}
			}
		},
		"emitter-listener": {
			"version": "1.1.2",
			"resolved": "https://registry.npmjs.org/emitter-listener/-/emitter-listener-1.1.2.tgz",
			"integrity": "sha512-Bt1sBAGFHY9DKY+4/2cV6izcKJUf5T7/gkdmkxzX/qv9CcGH8xSwVRW5mtX03SWJtRTWSOpzCuWN9rBFYZepZQ==",
			"requires": {
				"shimmer": "^1.2.0"
			}
		},
		"lru-cache": {
			"version": "6.0.0",
			"resolved": "https://registry.npmjs.org/lru-cache/-/lru-cache-6.0.0.tgz",
			"integrity": "sha512-Jo6dJ04CmSjuznwJSS3pUeWmd/H0ffTlkXXgwZi+eq1UCmqQwCh+eLsYOYCwY991i2Fah4h1BEMCx4qThGbsiA==",
			"requires": {
				"yallist": "^4.0.0"
			}
		},
		"semver": {
			"version": "7.5.4",
			"resolved": "https://registry.npmjs.org/semver/-/semver-7.5.4.tgz",
			"integrity": "sha512-1bCSESV6Pv+i21Hvpxp3Dx+pSD8lIPt8uVjRrxAUt/nbswYc+tK6Y2btiULjd4+fnq15PX+nqQDC7Oft7WkwcA==",
			"requires": {
				"lru-cache": "^6.0.0"
			}
		},
		"shimmer": {
			"version": "1.2.1",
			"resolved": "https://registry.npmjs.org/shimmer/-/shimmer-1.2.1.tgz",
			"integrity": "sha512-sQTKC1Re/rM6XyFM6fIAGHRPVGvyXfgzIDvzoq608vM+jeyVD0Tu1E6Np0Kc2zAIFWIj963V2800iF/9LPieQw=="
		},
		"stack-chain": {
			"version": "1.3.7",
			"resolved": "https://registry.npmjs.org/stack-chain/-/stack-chain-1.3.7.tgz",
			"integrity": "sha512-D8cWtWVdIe/jBA7v5p5Hwl5yOSOrmZPWDPe2KxQ5UAGD+nxbxU0lKXA4h85Ta6+qgdKVL3vUxsbIZjc1kBG7ug=="
		},
		"tslib": {
			"version": "2.5.0",
			"resolved": "https://registry.npmjs.org/tslib/-/tslib-2.5.0.tgz",
			"integrity": "sha512-336iVw3rtn2BUK7ORdIAHTyxHGRIHVReokCR3XjbckJMK7ms8FysBfhLR8IXnAgy7T0PTPNBWKiH514FOW/WSg=="
		},
		"yallist": {
			"version": "4.0.0",
			"resolved": "https://registry.npmjs.org/yallist/-/yallist-4.0.0.tgz",
			"integrity": "sha512-3wdGidZyq5PB084XLES5TpOSRA3wjXAlIWMhum2kRcv/41Sn2emQ0dycQW4uZXLejwKvg6EsvbdlVL+FYEct7A=="
		}
	}
}
