{
	"name": "@laconia/xray",
	"version": "1.0.0",
	"lockfileVersion": 1,
	"requires": true,
	"dependencies": {
		"async": {
			"version": "1.0.0",
			"resolved": "http://registry.npmjs.org/async/-/async-1.0.0.tgz",
			"integrity": "sha1-+PwEyjoTeErenhZBr5hXjPvWR6k="
		},
		"async-listener": {
			"version": "0.6.9",
			"resolved": "https://registry.npmjs.org/async-listener/-/async-listener-0.6.9.tgz",
			"integrity": "sha512-E7Z2/QMs0EPt/o9wpYO/J3hmMCDdr1aVDS3ttlur5D5JlZtxhfuOwi4e7S8zbYIxA5qOOYdxfqGj97XAfdNvkQ==",
			"requires": {
				"semver": "^5.3.0",
				"shimmer": "^1.1.0"
			}
		},
		"atomic-batcher": {
			"version": "1.0.2",
			"resolved": "https://registry.npmjs.org/atomic-batcher/-/atomic-batcher-1.0.2.tgz",
			"integrity": "sha1-0WkB0QzOxZUWwZe5zNiTBom4E7Q="
		},
		"aws-sdk": {
			"version": "2.327.0",
			"resolved": "https://registry.npmjs.org/aws-sdk/-/aws-sdk-2.327.0.tgz",
			"integrity": "sha512-qmDXPR7i2NhK2Gsvfh9TIkHyx6P1YGQ+3n08EIJrQ+Lgl8mS63Xg5AuMtOXszdRivjh3G6LTJe6HXmpsebkL1w==",
			"requires": {
				"buffer": "4.9.1",
				"events": "1.1.1",
				"ieee754": "1.1.8",
				"jmespath": "0.15.0",
				"querystring": "0.2.0",
				"sax": "1.2.1",
				"url": "0.10.3",
				"uuid": "3.1.0",
				"xml2js": "0.4.19"
			}
		},
		"aws-xray-sdk-core": {
			"version": "2.0.0",
			"resolved": "https://registry.npmjs.org/aws-xray-sdk-core/-/aws-xray-sdk-core-2.0.0.tgz",
			"integrity": "sha512-m2/wjqClD58FYNDWRAONjOZUrg3sNn43Q8dFQEAbj8k1U3ElEOINVVgk0jvya96Jthl1A9jlL0+cbLjuwG9KCw==",
			"requires": {
				"atomic-batcher": "^1.0.2",
				"aws-sdk": "^2.304.0",
				"continuation-local-storage": "^3.2.0",
				"date-fns": "^1.29.0",
				"lodash": "^4.17.10",
				"pkginfo": "^0.4.0",
				"semver": "^5.3.0",
				"winston": "^2.4.4"
			}
		},
		"base64-js": {
			"version": "1.3.0",
			"resolved": "https://registry.npmjs.org/base64-js/-/base64-js-1.3.0.tgz",
			"integrity": "sha512-ccav/yGvoa80BQDljCxsmmQ3Xvx60/UpBIij5QN21W3wBi/hhIC9OoO+KLpu9IJTS9j4DRVJ3aDDF9cMSoa2lw=="
		},
		"buffer": {
			"version": "4.9.1",
			"resolved": "http://registry.npmjs.org/buffer/-/buffer-4.9.1.tgz",
			"integrity": "sha1-bRu2AbB6TvztlwlBMgkwJ8lbwpg=",
			"requires": {
				"base64-js": "^1.0.2",
				"ieee754": "^1.1.4",
				"isarray": "^1.0.0"
			}
		},
		"colors": {
			"version": "1.0.3",
			"resolved": "https://registry.npmjs.org/colors/-/colors-1.0.3.tgz",
			"integrity": "sha1-BDP0TYCWgP3rYO0mDxsMJi6CpAs="
		},
		"continuation-local-storage": {
			"version": "3.2.1",
			"resolved": "https://registry.npmjs.org/continuation-local-storage/-/continuation-local-storage-3.2.1.tgz",
			"integrity": "sha512-jx44cconVqkCEEyLSKWwkvUXwO561jXMa3LPjTPsm5QR22PA0/mhe33FT4Xb5y74JDvt/Cq+5lm8S8rskLv9ZA==",
			"requires": {
				"async-listener": "^0.6.0",
				"emitter-listener": "^1.1.1"
			}
		},
		"cycle": {
			"version": "1.0.3",
			"resolved": "https://registry.npmjs.org/cycle/-/cycle-1.0.3.tgz",
			"integrity": "sha1-IegLK+hYD5i0aPN5QwZisEbDStI="
		},
		"date-fns": {
			"version": "1.29.0",
			"resolved": "https://registry.npmjs.org/date-fns/-/date-fns-1.29.0.tgz",
			"integrity": "sha512-lbTXWZ6M20cWH8N9S6afb0SBm6tMk+uUg6z3MqHPKE9atmsY3kJkTm8vKe93izJ2B2+q5MV990sM2CHgtAZaOw=="
		},
		"emitter-listener": {
			"version": "1.1.1",
			"resolved": "https://registry.npmjs.org/emitter-listener/-/emitter-listener-1.1.1.tgz",
			"integrity": "sha1-6Lu+gkS8jg0LTvcc0UKUx/JBx+w=",
			"requires": {
				"shimmer": "^1.2.0"
			}
		},
		"events": {
			"version": "1.1.1",
			"resolved": "http://registry.npmjs.org/events/-/events-1.1.1.tgz",
			"integrity": "sha1-nr23Y1rQmccNzEwqH1AEKI6L2SQ="
		},
		"eyes": {
			"version": "0.1.8",
			"resolved": "https://registry.npmjs.org/eyes/-/eyes-0.1.8.tgz",
			"integrity": "sha1-Ys8SAjTGg3hdkCNIqADvPgzCC8A="
		},
		"ieee754": {
			"version": "1.1.8",
			"resolved": "https://registry.npmjs.org/ieee754/-/ieee754-1.1.8.tgz",
			"integrity": "sha1-vjPUCsEO8ZJnAfbwii2G+/0a0+Q="
		},
		"isarray": {
			"version": "1.0.0",
			"resolved": "https://registry.npmjs.org/isarray/-/isarray-1.0.0.tgz",
			"integrity": "sha1-u5NdSFgsuhaMBoNJV6VKPgcSTxE="
		},
		"isstream": {
			"version": "0.1.2",
			"resolved": "https://registry.npmjs.org/isstream/-/isstream-0.1.2.tgz",
			"integrity": "sha1-R+Y/evVa+m+S4VAOaQ64uFKcCZo="
		},
		"jmespath": {
			"version": "0.15.0",
			"resolved": "https://registry.npmjs.org/jmespath/-/jmespath-0.15.0.tgz",
			"integrity": "sha1-o/Iiqarp+Wb10nx5ZRDigJF2Qhc="
		},
		"lodash": {
			"version": "4.17.11",
			"resolved": "https://registry.npmjs.org/lodash/-/lodash-4.17.11.tgz",
			"integrity": "sha512-cQKh8igo5QUhZ7lg38DYWAxMvjSAKG0A8wGSVimP07SIUEK2UO+arSRKbRZWtelMtN5V0Hkwh5ryOto/SshYIg=="
		},
		"pkginfo": {
			"version": "0.4.1",
			"resolved": "https://registry.npmjs.org/pkginfo/-/pkginfo-0.4.1.tgz",
			"integrity": "sha1-tUGO8EOd5UJfxJlQQtztFPsqhP8="
		},
		"punycode": {
			"version": "1.3.2",
			"resolved": "https://registry.npmjs.org/punycode/-/punycode-1.3.2.tgz",
			"integrity": "sha1-llOgNvt8HuQjQvIyXM7v6jkmxI0="
		},
		"querystring": {
			"version": "0.2.0",
			"resolved": "https://registry.npmjs.org/querystring/-/querystring-0.2.0.tgz",
			"integrity": "sha1-sgmEkgO7Jd+CDadW50cAWHhSFiA="
		},
		"sax": {
			"version": "1.2.1",
			"resolved": "http://registry.npmjs.org/sax/-/sax-1.2.1.tgz",
			"integrity": "sha1-e45lYZCyKOgaZq6nSEgNgozS03o="
		},
		"semver": {
			"version": "5.5.1",
			"resolved": "https://registry.npmjs.org/semver/-/semver-5.5.1.tgz",
			"integrity": "sha512-PqpAxfrEhlSUWge8dwIp4tZnQ25DIOthpiaHNIthsjEFQD6EvqUKUDM7L8O2rShkFccYo1VjJR0coWfNkCubRw=="
		},
		"shimmer": {
			"version": "1.2.0",
			"resolved": "https://registry.npmjs.org/shimmer/-/shimmer-1.2.0.tgz",
			"integrity": "sha512-xTCx2vohXC2EWWDqY/zb4+5Mu28D+HYNSOuFzsyRDRvI/e1ICb69afwaUwfjr+25ZXldbOLyp+iDUZHq8UnTag=="
		},
		"stack-trace": {
			"version": "0.0.10",
			"resolved": "https://registry.npmjs.org/stack-trace/-/stack-trace-0.0.10.tgz",
			"integrity": "sha1-VHxws0fo0ytOEI6hoqFZ5f3eGcA="
		},
		"url": {
			"version": "0.10.3",
			"resolved": "https://registry.npmjs.org/url/-/url-0.10.3.tgz",
			"integrity": "sha1-Ah5NnHcF8hu/N9A861h2dAJ3TGQ=",
			"requires": {
				"punycode": "1.3.2",
				"querystring": "0.2.0"
			}
		},
		"uuid": {
			"version": "3.1.0",
			"resolved": "https://registry.npmjs.org/uuid/-/uuid-3.1.0.tgz",
			"integrity": "sha512-DIWtzUkw04M4k3bf1IcpS2tngXEL26YUD2M0tMDUpnUrz2hgzUBlD55a4FjdLGPvfHxS6uluGWvaVEqgBcVa+g=="
		},
		"winston": {
			"version": "2.4.4",
			"resolved": "https://registry.npmjs.org/winston/-/winston-2.4.4.tgz",
			"integrity": "sha512-NBo2Pepn4hK4V01UfcWcDlmiVTs7VTB1h7bgnB0rgP146bYhMxX0ypCz3lBOfNxCO4Zuek7yeT+y/zM1OfMw4Q==",
			"requires": {
				"async": "~1.0.0",
				"colors": "1.0.x",
				"cycle": "1.0.x",
				"eyes": "0.1.x",
				"isstream": "0.1.x",
				"stack-trace": "0.0.x"
			}
		},
		"xml2js": {
			"version": "0.4.19",
			"resolved": "https://registry.npmjs.org/xml2js/-/xml2js-0.4.19.tgz",
			"integrity": "sha512-esZnJZJOiJR9wWKMyuvSE1y6Dq5LCuJanqhxslH2bxM6duahNZ+HMpCLhBQGZkbX6xRf8x1Y2eJlgt2q3qo49Q==",
			"requires": {
				"sax": ">=0.6.0",
				"xmlbuilder": "~9.0.1"
			}
		},
		"xmlbuilder": {
			"version": "9.0.7",
			"resolved": "https://registry.npmjs.org/xmlbuilder/-/xmlbuilder-9.0.7.tgz",
			"integrity": "sha1-Ey7mPS7FVlxVfiD0wi35rKaGsQ0="
		}
	}
}
