{
	"name": "@laconia/config",
	"version": "1.14.0",
	"lockfileVersion": 3,
	"requires": true,
	"packages": {
		"": {
			"name": "@laconia/config",
			"version": "1.14.0",
			"license": "Apache-2.0",
			"dependencies": {
				"@aws-sdk/client-s3": "^3.873.0",
				"@aws-sdk/client-secrets-manager": "^3.873.0",
				"@aws-sdk/client-ssm": "^3.873.0"
			},
			"engines": {
				"node": ">=12.22"
			}
		},
		"../laconia-test-helper": {
			"name": "@laconia/test-helper",
			"version": "1.14.0",
			"extraneous": true,
			"license": "Apache-2.0",
			"dependencies": {
				"@smithy/util-stream": "^4.2.4",
				"p-wait-for": "^3.1.0"
			},
			"engines": {
				"node": ">=12.22"
			}
		},
		"node_modules/@aws-crypto/crc32": {
			"version": "5.2.0",
			"license": "Apache-2.0",
			"dependencies": {
				"@aws-crypto/util": "^5.2.0",
				"@aws-sdk/types": "^3.222.0",
				"tslib": "^2.6.2"
			},
			"engines": {
				"node": ">=16.0.0"
			}
		},
		"node_modules/@aws-crypto/crc32c": {
			"version": "5.2.0",
			"license": "Apache-2.0",
			"dependencies": {
				"@aws-crypto/util": "^5.2.0",
				"@aws-sdk/types": "^3.222.0",
				"tslib": "^2.6.2"
			}
		},
		"node_modules/@aws-crypto/sha1-browser": {
			"version": "5.2.0",
			"license": "Apache-2.0",
			"dependencies": {
				"@aws-crypto/supports-web-crypto": "^5.2.0",
				"@aws-crypto/util": "^5.2.0",
				"@aws-sdk/types": "^3.222.0",
				"@aws-sdk/util-locate-window": "^3.0.0",
				"@smithy/util-utf8": "^2.0.0",
				"tslib": "^2.6.2"
			}
		},
		"node_modules/@aws-crypto/sha1-browser/node_modules/@smithy/is-array-buffer": {
			"version": "2.2.0",
			"license": "Apache-2.0",
			"dependencies": {
				"tslib": "^2.6.2"
			},
			"engines": {
				"node": ">=14.0.0"
			}
		},
		"node_modules/@aws-crypto/sha1-browser/node_modules/@smithy/util-buffer-from": {
			"version": "2.2.0",
			"license": "Apache-2.0",
			"dependencies": {
				"@smithy/is-array-buffer": "^2.2.0",
				"tslib": "^2.6.2"
			},
			"engines": {
				"node": ">=14.0.0"
			}
		},
		"node_modules/@aws-crypto/sha1-browser/node_modules/@smithy/util-utf8": {
			"version": "2.3.0",
			"license": "Apache-2.0",
			"dependencies": {
				"@smithy/util-buffer-from": "^2.2.0",
				"tslib": "^2.6.2"
			},
			"engines": {
				"node": ">=14.0.0"
			}
		},
		"node_modules/@aws-crypto/sha256-browser": {
			"version": "5.2.0",
			"license": "Apache-2.0",
			"dependencies": {
				"@aws-crypto/sha256-js": "^5.2.0",
				"@aws-crypto/supports-web-crypto": "^5.2.0",
				"@aws-crypto/util": "^5.2.0",
				"@aws-sdk/types": "^3.222.0",
				"@aws-sdk/util-locate-window": "^3.0.0",
				"@smithy/util-utf8": "^2.0.0",
				"tslib": "^2.6.2"
			}
		},
		"node_modules/@aws-crypto/sha256-browser/node_modules/@smithy/is-array-buffer": {
			"version": "2.2.0",
			"license": "Apache-2.0",
			"dependencies": {
				"tslib": "^2.6.2"
			},
			"engines": {
				"node": ">=14.0.0"
			}
		},
		"node_modules/@aws-crypto/sha256-browser/node_modules/@smithy/util-buffer-from": {
			"version": "2.2.0",
			"license": "Apache-2.0",
			"dependencies": {
				"@smithy/is-array-buffer": "^2.2.0",
				"tslib": "^2.6.2"
			},
			"engines": {
				"node": ">=14.0.0"
			}
		},
		"node_modules/@aws-crypto/sha256-browser/node_modules/@smithy/util-utf8": {
			"version": "2.3.0",
			"license": "Apache-2.0",
			"dependencies": {
				"@smithy/util-buffer-from": "^2.2.0",
				"tslib": "^2.6.2"
			},
			"engines": {
				"node": ">=14.0.0"
			}
		},
		"node_modules/@aws-crypto/sha256-js": {
			"version": "5.2.0",
			"license": "Apache-2.0",
			"dependencies": {
				"@aws-crypto/util": "^5.2.0",
				"@aws-sdk/types": "^3.222.0",
				"tslib": "^2.6.2"
			},
			"engines": {
				"node": ">=16.0.0"
			}
		},
		"node_modules/@aws-crypto/supports-web-crypto": {
			"version": "5.2.0",
			"license": "Apache-2.0",
			"dependencies": {
				"tslib": "^2.6.2"
			}
		},
		"node_modules/@aws-crypto/util": {
			"version": "5.2.0",
			"license": "Apache-2.0",
			"dependencies": {
				"@aws-sdk/types": "^3.222.0",
				"@smithy/util-utf8": "^2.0.0",
				"tslib": "^2.6.2"
			}
		},
		"node_modules/@aws-crypto/util/node_modules/@smithy/is-array-buffer": {
			"version": "2.2.0",
			"license": "Apache-2.0",
			"dependencies": {
				"tslib": "^2.6.2"
			},
			"engines": {
				"node": ">=14.0.0"
			}
		},
		"node_modules/@aws-crypto/util/node_modules/@smithy/util-buffer-from": {
			"version": "2.2.0",
			"license": "Apache-2.0",
			"dependencies": {
				"@smithy/is-array-buffer": "^2.2.0",
				"tslib": "^2.6.2"
			},
			"engines": {
				"node": ">=14.0.0"
			}
		},
		"node_modules/@aws-crypto/util/node_modules/@smithy/util-utf8": {
			"version": "2.3.0",
			"license": "Apache-2.0",
			"dependencies": {
				"@smithy/util-buffer-from": "^2.2.0",
				"tslib": "^2.6.2"
			},
			"engines": {
				"node": ">=14.0.0"
			}
		},
		"node_modules/@aws-sdk/client-s3": {
			"version": "3.873.0",
			"license": "Apache-2.0",
			"dependencies": {
				"@aws-crypto/sha1-browser": "5.2.0",
				"@aws-crypto/sha256-browser": "5.2.0",
				"@aws-crypto/sha256-js": "5.2.0",
				"@aws-sdk/core": "3.873.0",
				"@aws-sdk/credential-provider-node": "3.873.0",
				"@aws-sdk/middleware-bucket-endpoint": "3.873.0",
				"@aws-sdk/middleware-expect-continue": "3.873.0",
				"@aws-sdk/middleware-flexible-checksums": "3.873.0",
				"@aws-sdk/middleware-host-header": "3.873.0",
				"@aws-sdk/middleware-location-constraint": "3.873.0",
				"@aws-sdk/middleware-logger": "3.873.0",
				"@aws-sdk/middleware-recursion-detection": "3.873.0",
				"@aws-sdk/middleware-sdk-s3": "3.873.0",
				"@aws-sdk/middleware-ssec": "3.873.0",
				"@aws-sdk/middleware-user-agent": "3.873.0",
				"@aws-sdk/region-config-resolver": "3.873.0",
				"@aws-sdk/signature-v4-multi-region": "3.873.0",
				"@aws-sdk/types": "3.862.0",
				"@aws-sdk/util-endpoints": "3.873.0",
				"@aws-sdk/util-user-agent-browser": "3.873.0",
				"@aws-sdk/util-user-agent-node": "3.873.0",
				"@aws-sdk/xml-builder": "3.873.0",
				"@smithy/config-resolver": "^4.1.5",
				"@smithy/core": "^3.8.0",
				"@smithy/eventstream-serde-browser": "^4.0.5",
				"@smithy/eventstream-serde-config-resolver": "^4.1.3",
				"@smithy/eventstream-serde-node": "^4.0.5",
				"@smithy/fetch-http-handler": "^5.1.1",
				"@smithy/hash-blob-browser": "^4.0.5",
				"@smithy/hash-node": "^4.0.5",
				"@smithy/hash-stream-node": "^4.0.5",
				"@smithy/invalid-dependency": "^4.0.5",
				"@smithy/md5-js": "^4.0.5",
				"@smithy/middleware-content-length": "^4.0.5",
				"@smithy/middleware-endpoint": "^4.1.18",
				"@smithy/middleware-retry": "^4.1.19",
				"@smithy/middleware-serde": "^4.0.9",
				"@smithy/middleware-stack": "^4.0.5",
				"@smithy/node-config-provider": "^4.1.4",
				"@smithy/node-http-handler": "^4.1.1",
				"@smithy/protocol-http": "^5.1.3",
				"@smithy/smithy-client": "^4.4.10",
				"@smithy/types": "^4.3.2",
				"@smithy/url-parser": "^4.0.5",
				"@smithy/util-base64": "^4.0.0",
				"@smithy/util-body-length-browser": "^4.0.0",
				"@smithy/util-body-length-node": "^4.0.0",
				"@smithy/util-defaults-mode-browser": "^4.0.26",
				"@smithy/util-defaults-mode-node": "^4.0.26",
				"@smithy/util-endpoints": "^3.0.7",
				"@smithy/util-middleware": "^4.0.5",
				"@smithy/util-retry": "^4.0.7",
				"@smithy/util-stream": "^4.2.4",
				"@smithy/util-utf8": "^4.0.0",
				"@smithy/util-waiter": "^4.0.7",
				"@types/uuid": "^9.0.1",
				"tslib": "^2.6.2",
				"uuid": "^9.0.1"
			},
			"engines": {
				"node": ">=18.0.0"
			}
		},
		"node_modules/@aws-sdk/client-secrets-manager": {
			"version": "3.873.0",
			"license": "Apache-2.0",
			"dependencies": {
				"@aws-crypto/sha256-browser": "5.2.0",
				"@aws-crypto/sha256-js": "5.2.0",
				"@aws-sdk/core": "3.873.0",
				"@aws-sdk/credential-provider-node": "3.873.0",
				"@aws-sdk/middleware-host-header": "3.873.0",
				"@aws-sdk/middleware-logger": "3.873.0",
				"@aws-sdk/middleware-recursion-detection": "3.873.0",
				"@aws-sdk/middleware-user-agent": "3.873.0",
				"@aws-sdk/region-config-resolver": "3.873.0",
				"@aws-sdk/types": "3.862.0",
				"@aws-sdk/util-endpoints": "3.873.0",
				"@aws-sdk/util-user-agent-browser": "3.873.0",
				"@aws-sdk/util-user-agent-node": "3.873.0",
				"@smithy/config-resolver": "^4.1.5",
				"@smithy/core": "^3.8.0",
				"@smithy/fetch-http-handler": "^5.1.1",
				"@smithy/hash-node": "^4.0.5",
				"@smithy/invalid-dependency": "^4.0.5",
				"@smithy/middleware-content-length": "^4.0.5",
				"@smithy/middleware-endpoint": "^4.1.18",
				"@smithy/middleware-retry": "^4.1.19",
				"@smithy/middleware-serde": "^4.0.9",
				"@smithy/middleware-stack": "^4.0.5",
				"@smithy/node-config-provider": "^4.1.4",
				"@smithy/node-http-handler": "^4.1.1",
				"@smithy/protocol-http": "^5.1.3",
				"@smithy/smithy-client": "^4.4.10",
				"@smithy/types": "^4.3.2",
				"@smithy/url-parser": "^4.0.5",
				"@smithy/util-base64": "^4.0.0",
				"@smithy/util-body-length-browser": "^4.0.0",
				"@smithy/util-body-length-node": "^4.0.0",
				"@smithy/util-defaults-mode-browser": "^4.0.26",
				"@smithy/util-defaults-mode-node": "^4.0.26",
				"@smithy/util-endpoints": "^3.0.7",
				"@smithy/util-middleware": "^4.0.5",
				"@smithy/util-retry": "^4.0.7",
				"@smithy/util-utf8": "^4.0.0",
				"@types/uuid": "^9.0.1",
				"tslib": "^2.6.2",
				"uuid": "^9.0.1"
			},
			"engines": {
				"node": ">=18.0.0"
			}
		},
		"node_modules/@aws-sdk/client-ssm": {
			"version": "3.873.0",
			"license": "Apache-2.0",
			"dependencies": {
				"@aws-crypto/sha256-browser": "5.2.0",
				"@aws-crypto/sha256-js": "5.2.0",
				"@aws-sdk/core": "3.873.0",
				"@aws-sdk/credential-provider-node": "3.873.0",
				"@aws-sdk/middleware-host-header": "3.873.0",
				"@aws-sdk/middleware-logger": "3.873.0",
				"@aws-sdk/middleware-recursion-detection": "3.873.0",
				"@aws-sdk/middleware-user-agent": "3.873.0",
				"@aws-sdk/region-config-resolver": "3.873.0",
				"@aws-sdk/types": "3.862.0",
				"@aws-sdk/util-endpoints": "3.873.0",
				"@aws-sdk/util-user-agent-browser": "3.873.0",
				"@aws-sdk/util-user-agent-node": "3.873.0",
				"@smithy/config-resolver": "^4.1.5",
				"@smithy/core": "^3.8.0",
				"@smithy/fetch-http-handler": "^5.1.1",
				"@smithy/hash-node": "^4.0.5",
				"@smithy/invalid-dependency": "^4.0.5",
				"@smithy/middleware-content-length": "^4.0.5",
				"@smithy/middleware-endpoint": "^4.1.18",
				"@smithy/middleware-retry": "^4.1.19",
				"@smithy/middleware-serde": "^4.0.9",
				"@smithy/middleware-stack": "^4.0.5",
				"@smithy/node-config-provider": "^4.1.4",
				"@smithy/node-http-handler": "^4.1.1",
				"@smithy/protocol-http": "^5.1.3",
				"@smithy/smithy-client": "^4.4.10",
				"@smithy/types": "^4.3.2",
				"@smithy/url-parser": "^4.0.5",
				"@smithy/util-base64": "^4.0.0",
				"@smithy/util-body-length-browser": "^4.0.0",
				"@smithy/util-body-length-node": "^4.0.0",
				"@smithy/util-defaults-mode-browser": "^4.0.26",
				"@smithy/util-defaults-mode-node": "^4.0.26",
				"@smithy/util-endpoints": "^3.0.7",
				"@smithy/util-middleware": "^4.0.5",
				"@smithy/util-retry": "^4.0.7",
				"@smithy/util-utf8": "^4.0.0",
				"@smithy/util-waiter": "^4.0.7",
				"@types/uuid": "^9.0.1",
				"tslib": "^2.6.2",
				"uuid": "^9.0.1"
			},
			"engines": {
				"node": ">=18.0.0"
			}
		},
		"node_modules/@aws-sdk/client-sso": {
			"version": "3.873.0",
			"license": "Apache-2.0",
			"dependencies": {
				"@aws-crypto/sha256-browser": "5.2.0",
				"@aws-crypto/sha256-js": "5.2.0",
				"@aws-sdk/core": "3.873.0",
				"@aws-sdk/middleware-host-header": "3.873.0",
				"@aws-sdk/middleware-logger": "3.873.0",
				"@aws-sdk/middleware-recursion-detection": "3.873.0",
				"@aws-sdk/middleware-user-agent": "3.873.0",
				"@aws-sdk/region-config-resolver": "3.873.0",
				"@aws-sdk/types": "3.862.0",
				"@aws-sdk/util-endpoints": "3.873.0",
				"@aws-sdk/util-user-agent-browser": "3.873.0",
				"@aws-sdk/util-user-agent-node": "3.873.0",
				"@smithy/config-resolver": "^4.1.5",
				"@smithy/core": "^3.8.0",
				"@smithy/fetch-http-handler": "^5.1.1",
				"@smithy/hash-node": "^4.0.5",
				"@smithy/invalid-dependency": "^4.0.5",
				"@smithy/middleware-content-length": "^4.0.5",
				"@smithy/middleware-endpoint": "^4.1.18",
				"@smithy/middleware-retry": "^4.1.19",
				"@smithy/middleware-serde": "^4.0.9",
				"@smithy/middleware-stack": "^4.0.5",
				"@smithy/node-config-provider": "^4.1.4",
				"@smithy/node-http-handler": "^4.1.1",
				"@smithy/protocol-http": "^5.1.3",
				"@smithy/smithy-client": "^4.4.10",
				"@smithy/types": "^4.3.2",
				"@smithy/url-parser": "^4.0.5",
				"@smithy/util-base64": "^4.0.0",
				"@smithy/util-body-length-browser": "^4.0.0",
				"@smithy/util-body-length-node": "^4.0.0",
				"@smithy/util-defaults-mode-browser": "^4.0.26",
				"@smithy/util-defaults-mode-node": "^4.0.26",
				"@smithy/util-endpoints": "^3.0.7",
				"@smithy/util-middleware": "^4.0.5",
				"@smithy/util-retry": "^4.0.7",
				"@smithy/util-utf8": "^4.0.0",
				"tslib": "^2.6.2"
			},
			"engines": {
				"node": ">=18.0.0"
			}
		},
		"node_modules/@aws-sdk/core": {
			"version": "3.873.0",
			"license": "Apache-2.0",
			"dependencies": {
				"@aws-sdk/types": "3.862.0",
				"@aws-sdk/xml-builder": "3.873.0",
				"@smithy/core": "^3.8.0",
				"@smithy/node-config-provider": "^4.1.4",
				"@smithy/property-provider": "^4.0.5",
				"@smithy/protocol-http": "^5.1.3",
				"@smithy/signature-v4": "^5.1.3",
				"@smithy/smithy-client": "^4.4.10",
				"@smithy/types": "^4.3.2",
				"@smithy/util-base64": "^4.0.0",
				"@smithy/util-body-length-browser": "^4.0.0",
				"@smithy/util-middleware": "^4.0.5",
				"@smithy/util-utf8": "^4.0.0",
				"fast-xml-parser": "5.2.5",
				"tslib": "^2.6.2"
			},
			"engines": {
				"node": ">=18.0.0"
			}
		},
		"node_modules/@aws-sdk/credential-provider-env": {
			"version": "3.873.0",
			"license": "Apache-2.0",
			"dependencies": {
				"@aws-sdk/core": "3.873.0",
				"@aws-sdk/types": "3.862.0",
				"@smithy/property-provider": "^4.0.5",
				"@smithy/types": "^4.3.2",
				"tslib": "^2.6.2"
			},
			"engines": {
				"node": ">=18.0.0"
			}
		},
		"node_modules/@aws-sdk/credential-provider-http": {
			"version": "3.873.0",
			"license": "Apache-2.0",
			"dependencies": {
				"@aws-sdk/core": "3.873.0",
				"@aws-sdk/types": "3.862.0",
				"@smithy/fetch-http-handler": "^5.1.1",
				"@smithy/node-http-handler": "^4.1.1",
				"@smithy/property-provider": "^4.0.5",
				"@smithy/protocol-http": "^5.1.3",
				"@smithy/smithy-client": "^4.4.10",
				"@smithy/types": "^4.3.2",
				"@smithy/util-stream": "^4.2.4",
				"tslib": "^2.6.2"
			},
			"engines": {
				"node": ">=18.0.0"
			}
		},
		"node_modules/@aws-sdk/credential-provider-ini": {
			"version": "3.873.0",
			"license": "Apache-2.0",
			"dependencies": {
				"@aws-sdk/core": "3.873.0",
				"@aws-sdk/credential-provider-env": "3.873.0",
				"@aws-sdk/credential-provider-http": "3.873.0",
				"@aws-sdk/credential-provider-process": "3.873.0",
				"@aws-sdk/credential-provider-sso": "3.873.0",
				"@aws-sdk/credential-provider-web-identity": "3.873.0",
				"@aws-sdk/nested-clients": "3.873.0",
				"@aws-sdk/types": "3.862.0",
				"@smithy/credential-provider-imds": "^4.0.7",
				"@smithy/property-provider": "^4.0.5",
				"@smithy/shared-ini-file-loader": "^4.0.5",
				"@smithy/types": "^4.3.2",
				"tslib": "^2.6.2"
			},
			"engines": {
				"node": ">=18.0.0"
			}
		},
		"node_modules/@aws-sdk/credential-provider-node": {
			"version": "3.873.0",
			"license": "Apache-2.0",
			"dependencies": {
				"@aws-sdk/credential-provider-env": "3.873.0",
				"@aws-sdk/credential-provider-http": "3.873.0",
				"@aws-sdk/credential-provider-ini": "3.873.0",
				"@aws-sdk/credential-provider-process": "3.873.0",
				"@aws-sdk/credential-provider-sso": "3.873.0",
				"@aws-sdk/credential-provider-web-identity": "3.873.0",
				"@aws-sdk/types": "3.862.0",
				"@smithy/credential-provider-imds": "^4.0.7",
				"@smithy/property-provider": "^4.0.5",
				"@smithy/shared-ini-file-loader": "^4.0.5",
				"@smithy/types": "^4.3.2",
				"tslib": "^2.6.2"
			},
			"engines": {
				"node": ">=18.0.0"
			}
		},
		"node_modules/@aws-sdk/credential-provider-process": {
			"version": "3.873.0",
			"license": "Apache-2.0",
			"dependencies": {
				"@aws-sdk/core": "3.873.0",
				"@aws-sdk/types": "3.862.0",
				"@smithy/property-provider": "^4.0.5",
				"@smithy/shared-ini-file-loader": "^4.0.5",
				"@smithy/types": "^4.3.2",
				"tslib": "^2.6.2"
			},
			"engines": {
				"node": ">=18.0.0"
			}
		},
		"node_modules/@aws-sdk/credential-provider-sso": {
			"version": "3.873.0",
			"license": "Apache-2.0",
			"dependencies": {
				"@aws-sdk/client-sso": "3.873.0",
				"@aws-sdk/core": "3.873.0",
				"@aws-sdk/token-providers": "3.873.0",
				"@aws-sdk/types": "3.862.0",
				"@smithy/property-provider": "^4.0.5",
				"@smithy/shared-ini-file-loader": "^4.0.5",
				"@smithy/types": "^4.3.2",
				"tslib": "^2.6.2"
			},
			"engines": {
				"node": ">=18.0.0"
			}
		},
		"node_modules/@aws-sdk/credential-provider-web-identity": {
			"version": "3.873.0",
			"license": "Apache-2.0",
			"dependencies": {
				"@aws-sdk/core": "3.873.0",
				"@aws-sdk/nested-clients": "3.873.0",
				"@aws-sdk/types": "3.862.0",
				"@smithy/property-provider": "^4.0.5",
				"@smithy/types": "^4.3.2",
				"tslib": "^2.6.2"
			},
			"engines": {
				"node": ">=18.0.0"
			}
		},
		"node_modules/@aws-sdk/middleware-bucket-endpoint": {
			"version": "3.873.0",
			"license": "Apache-2.0",
			"dependencies": {
				"@aws-sdk/types": "3.862.0",
				"@aws-sdk/util-arn-parser": "3.873.0",
				"@smithy/node-config-provider": "^4.1.4",
				"@smithy/protocol-http": "^5.1.3",
				"@smithy/types": "^4.3.2",
				"@smithy/util-config-provider": "^4.0.0",
				"tslib": "^2.6.2"
			},
			"engines": {
				"node": ">=18.0.0"
			}
		},
		"node_modules/@aws-sdk/middleware-expect-continue": {
			"version": "3.873.0",
			"license": "Apache-2.0",
			"dependencies": {
				"@aws-sdk/types": "3.862.0",
				"@smithy/protocol-http": "^5.1.3",
				"@smithy/types": "^4.3.2",
				"tslib": "^2.6.2"
			},
			"engines": {
				"node": ">=18.0.0"
			}
		},
		"node_modules/@aws-sdk/middleware-flexible-checksums": {
			"version": "3.873.0",
			"license": "Apache-2.0",
			"dependencies": {
				"@aws-crypto/crc32": "5.2.0",
				"@aws-crypto/crc32c": "5.2.0",
				"@aws-crypto/util": "5.2.0",
				"@aws-sdk/core": "3.873.0",
				"@aws-sdk/types": "3.862.0",
				"@smithy/is-array-buffer": "^4.0.0",
				"@smithy/node-config-provider": "^4.1.4",
				"@smithy/protocol-http": "^5.1.3",
				"@smithy/types": "^4.3.2",
				"@smithy/util-middleware": "^4.0.5",
				"@smithy/util-stream": "^4.2.4",
				"@smithy/util-utf8": "^4.0.0",
				"tslib": "^2.6.2"
			},
			"engines": {
				"node": ">=18.0.0"
			}
		},
		"node_modules/@aws-sdk/middleware-host-header": {
			"version": "3.873.0",
			"license": "Apache-2.0",
			"dependencies": {
				"@aws-sdk/types": "3.862.0",
				"@smithy/protocol-http": "^5.1.3",
				"@smithy/types": "^4.3.2",
				"tslib": "^2.6.2"
			},
			"engines": {
				"node": ">=18.0.0"
			}
		},
		"node_modules/@aws-sdk/middleware-location-constraint": {
			"version": "3.873.0",
			"license": "Apache-2.0",
			"dependencies": {
				"@aws-sdk/types": "3.862.0",
				"@smithy/types": "^4.3.2",
				"tslib": "^2.6.2"
			},
			"engines": {
				"node": ">=18.0.0"
			}
		},
		"node_modules/@aws-sdk/middleware-logger": {
			"version": "3.873.0",
			"license": "Apache-2.0",
			"dependencies": {
				"@aws-sdk/types": "3.862.0",
				"@smithy/types": "^4.3.2",
				"tslib": "^2.6.2"
			},
			"engines": {
				"node": ">=18.0.0"
			}
		},
		"node_modules/@aws-sdk/middleware-recursion-detection": {
			"version": "3.873.0",
			"license": "Apache-2.0",
			"dependencies": {
				"@aws-sdk/types": "3.862.0",
				"@smithy/protocol-http": "^5.1.3",
				"@smithy/types": "^4.3.2",
				"tslib": "^2.6.2"
			},
			"engines": {
				"node": ">=18.0.0"
			}
		},
		"node_modules/@aws-sdk/middleware-sdk-s3": {
			"version": "3.873.0",
			"license": "Apache-2.0",
			"dependencies": {
				"@aws-sdk/core": "3.873.0",
				"@aws-sdk/types": "3.862.0",
				"@aws-sdk/util-arn-parser": "3.873.0",
				"@smithy/core": "^3.8.0",
				"@smithy/node-config-provider": "^4.1.4",
				"@smithy/protocol-http": "^5.1.3",
				"@smithy/signature-v4": "^5.1.3",
				"@smithy/smithy-client": "^4.4.10",
				"@smithy/types": "^4.3.2",
				"@smithy/util-config-provider": "^4.0.0",
				"@smithy/util-middleware": "^4.0.5",
				"@smithy/util-stream": "^4.2.4",
				"@smithy/util-utf8": "^4.0.0",
				"tslib": "^2.6.2"
			},
			"engines": {
				"node": ">=18.0.0"
			}
		},
		"node_modules/@aws-sdk/middleware-ssec": {
			"version": "3.873.0",
			"license": "Apache-2.0",
			"dependencies": {
				"@aws-sdk/types": "3.862.0",
				"@smithy/types": "^4.3.2",
				"tslib": "^2.6.2"
			},
			"engines": {
				"node": ">=18.0.0"
			}
		},
		"node_modules/@aws-sdk/middleware-user-agent": {
			"version": "3.873.0",
			"license": "Apache-2.0",
			"dependencies": {
				"@aws-sdk/core": "3.873.0",
				"@aws-sdk/types": "3.862.0",
				"@aws-sdk/util-endpoints": "3.873.0",
				"@smithy/core": "^3.8.0",
				"@smithy/protocol-http": "^5.1.3",
				"@smithy/types": "^4.3.2",
				"tslib": "^2.6.2"
			},
			"engines": {
				"node": ">=18.0.0"
			}
		},
		"node_modules/@aws-sdk/nested-clients": {
			"version": "3.873.0",
			"license": "Apache-2.0",
			"dependencies": {
				"@aws-crypto/sha256-browser": "5.2.0",
				"@aws-crypto/sha256-js": "5.2.0",
				"@aws-sdk/core": "3.873.0",
				"@aws-sdk/middleware-host-header": "3.873.0",
				"@aws-sdk/middleware-logger": "3.873.0",
				"@aws-sdk/middleware-recursion-detection": "3.873.0",
				"@aws-sdk/middleware-user-agent": "3.873.0",
				"@aws-sdk/region-config-resolver": "3.873.0",
				"@aws-sdk/types": "3.862.0",
				"@aws-sdk/util-endpoints": "3.873.0",
				"@aws-sdk/util-user-agent-browser": "3.873.0",
				"@aws-sdk/util-user-agent-node": "3.873.0",
				"@smithy/config-resolver": "^4.1.5",
				"@smithy/core": "^3.8.0",
				"@smithy/fetch-http-handler": "^5.1.1",
				"@smithy/hash-node": "^4.0.5",
				"@smithy/invalid-dependency": "^4.0.5",
				"@smithy/middleware-content-length": "^4.0.5",
				"@smithy/middleware-endpoint": "^4.1.18",
				"@smithy/middleware-retry": "^4.1.19",
				"@smithy/middleware-serde": "^4.0.9",
				"@smithy/middleware-stack": "^4.0.5",
				"@smithy/node-config-provider": "^4.1.4",
				"@smithy/node-http-handler": "^4.1.1",
				"@smithy/protocol-http": "^5.1.3",
				"@smithy/smithy-client": "^4.4.10",
				"@smithy/types": "^4.3.2",
				"@smithy/url-parser": "^4.0.5",
				"@smithy/util-base64": "^4.0.0",
				"@smithy/util-body-length-browser": "^4.0.0",
				"@smithy/util-body-length-node": "^4.0.0",
				"@smithy/util-defaults-mode-browser": "^4.0.26",
				"@smithy/util-defaults-mode-node": "^4.0.26",
				"@smithy/util-endpoints": "^3.0.7",
				"@smithy/util-middleware": "^4.0.5",
				"@smithy/util-retry": "^4.0.7",
				"@smithy/util-utf8": "^4.0.0",
				"tslib": "^2.6.2"
			},
			"engines": {
				"node": ">=18.0.0"
			}
		},
		"node_modules/@aws-sdk/region-config-resolver": {
			"version": "3.873.0",
			"license": "Apache-2.0",
			"dependencies": {
				"@aws-sdk/types": "3.862.0",
				"@smithy/node-config-provider": "^4.1.4",
				"@smithy/types": "^4.3.2",
				"@smithy/util-config-provider": "^4.0.0",
				"@smithy/util-middleware": "^4.0.5",
				"tslib": "^2.6.2"
			},
			"engines": {
				"node": ">=18.0.0"
			}
		},
		"node_modules/@aws-sdk/signature-v4-multi-region": {
			"version": "3.873.0",
			"license": "Apache-2.0",
			"dependencies": {
				"@aws-sdk/middleware-sdk-s3": "3.873.0",
				"@aws-sdk/types": "3.862.0",
				"@smithy/protocol-http": "^5.1.3",
				"@smithy/signature-v4": "^5.1.3",
				"@smithy/types": "^4.3.2",
				"tslib": "^2.6.2"
			},
			"engines": {
				"node": ">=18.0.0"
			}
		},
		"node_modules/@aws-sdk/token-providers": {
			"version": "3.873.0",
			"license": "Apache-2.0",
			"dependencies": {
				"@aws-sdk/core": "3.873.0",
				"@aws-sdk/nested-clients": "3.873.0",
				"@aws-sdk/types": "3.862.0",
				"@smithy/property-provider": "^4.0.5",
				"@smithy/shared-ini-file-loader": "^4.0.5",
				"@smithy/types": "^4.3.2",
				"tslib": "^2.6.2"
			},
			"engines": {
				"node": ">=18.0.0"
			}
		},
		"node_modules/@aws-sdk/types": {
			"version": "3.862.0",
			"license": "Apache-2.0",
			"dependencies": {
				"@smithy/types": "^4.3.2",
				"tslib": "^2.6.2"
			},
			"engines": {
				"node": ">=18.0.0"
			}
		},
		"node_modules/@aws-sdk/util-arn-parser": {
			"version": "3.873.0",
			"license": "Apache-2.0",
			"dependencies": {
				"tslib": "^2.6.2"
			},
			"engines": {
				"node": ">=18.0.0"
			}
		},
		"node_modules/@aws-sdk/util-endpoints": {
			"version": "3.873.0",
			"license": "Apache-2.0",
			"dependencies": {
				"@aws-sdk/types": "3.862.0",
				"@smithy/types": "^4.3.2",
				"@smithy/url-parser": "^4.0.5",
				"@smithy/util-endpoints": "^3.0.7",
				"tslib": "^2.6.2"
			},
			"engines": {
				"node": ">=18.0.0"
			}
		},
		"node_modules/@aws-sdk/util-locate-window": {
			"version": "3.873.0",
			"license": "Apache-2.0",
			"dependencies": {
				"tslib": "^2.6.2"
			},
			"engines": {
				"node": ">=18.0.0"
			}
		},
		"node_modules/@aws-sdk/util-user-agent-browser": {
			"version": "3.873.0",
			"license": "Apache-2.0",
			"dependencies": {
				"@aws-sdk/types": "3.862.0",
				"@smithy/types": "^4.3.2",
				"bowser": "^2.11.0",
				"tslib": "^2.6.2"
			}
		},
		"node_modules/@aws-sdk/util-user-agent-node": {
			"version": "3.873.0",
			"license": "Apache-2.0",
			"dependencies": {
				"@aws-sdk/middleware-user-agent": "3.873.0",
				"@aws-sdk/types": "3.862.0",
				"@smithy/node-config-provider": "^4.1.4",
				"@smithy/types": "^4.3.2",
				"tslib": "^2.6.2"
			},
			"engines": {
				"node": ">=18.0.0"
			},
			"peerDependencies": {
				"aws-crt": ">=1.0.0"
			},
			"peerDependenciesMeta": {
				"aws-crt": {
					"optional": true
				}
			}
		},
		"node_modules/@aws-sdk/xml-builder": {
			"version": "3.873.0",
			"license": "Apache-2.0",
			"dependencies": {
				"@smithy/types": "^4.3.2",
				"tslib": "^2.6.2"
			},
			"engines": {
				"node": ">=18.0.0"
			}
		},
		"node_modules/@smithy/abort-controller": {
			"version": "4.0.5",
			"license": "Apache-2.0",
			"dependencies": {
				"@smithy/types": "^4.3.2",
				"tslib": "^2.6.2"
			},
			"engines": {
				"node": ">=18.0.0"
			}
		},
		"node_modules/@smithy/chunked-blob-reader": {
			"version": "5.0.0",
			"license": "Apache-2.0",
			"dependencies": {
				"tslib": "^2.6.2"
			},
			"engines": {
				"node": ">=18.0.0"
			}
		},
		"node_modules/@smithy/chunked-blob-reader-native": {
			"version": "4.0.0",
			"license": "Apache-2.0",
			"dependencies": {
				"@smithy/util-base64": "^4.0.0",
				"tslib": "^2.6.2"
			},
			"engines": {
				"node": ">=18.0.0"
			}
		},
		"node_modules/@smithy/config-resolver": {
			"version": "4.1.5",
			"license": "Apache-2.0",
			"dependencies": {
				"@smithy/node-config-provider": "^4.1.4",
				"@smithy/types": "^4.3.2",
				"@smithy/util-config-provider": "^4.0.0",
				"@smithy/util-middleware": "^4.0.5",
				"tslib": "^2.6.2"
			},
			"engines": {
				"node": ">=18.0.0"
			}
		},
		"node_modules/@smithy/core": {
			"version": "3.8.0",
			"license": "Apache-2.0",
			"dependencies": {
				"@smithy/middleware-serde": "^4.0.9",
				"@smithy/protocol-http": "^5.1.3",
				"@smithy/types": "^4.3.2",
				"@smithy/util-base64": "^4.0.0",
				"@smithy/util-body-length-browser": "^4.0.0",
				"@smithy/util-middleware": "^4.0.5",
				"@smithy/util-stream": "^4.2.4",
				"@smithy/util-utf8": "^4.0.0",
				"@types/uuid": "^9.0.1",
				"tslib": "^2.6.2",
				"uuid": "^9.0.1"
			},
			"engines": {
				"node": ">=18.0.0"
			}
		},
		"node_modules/@smithy/credential-provider-imds": {
			"version": "4.0.7",
			"license": "Apache-2.0",
			"dependencies": {
				"@smithy/node-config-provider": "^4.1.4",
				"@smithy/property-provider": "^4.0.5",
				"@smithy/types": "^4.3.2",
				"@smithy/url-parser": "^4.0.5",
				"tslib": "^2.6.2"
			},
			"engines": {
				"node": ">=18.0.0"
			}
		},
		"node_modules/@smithy/eventstream-codec": {
			"version": "4.0.5",
			"license": "Apache-2.0",
			"dependencies": {
				"@aws-crypto/crc32": "5.2.0",
				"@smithy/types": "^4.3.2",
				"@smithy/util-hex-encoding": "^4.0.0",
				"tslib": "^2.6.2"
			},
			"engines": {
				"node": ">=18.0.0"
			}
		},
		"node_modules/@smithy/eventstream-serde-browser": {
			"version": "4.0.5",
			"license": "Apache-2.0",
			"dependencies": {
				"@smithy/eventstream-serde-universal": "^4.0.5",
				"@smithy/types": "^4.3.2",
				"tslib": "^2.6.2"
			},
			"engines": {
				"node": ">=18.0.0"
			}
		},
		"node_modules/@smithy/eventstream-serde-config-resolver": {
			"version": "4.1.3",
			"license": "Apache-2.0",
			"dependencies": {
				"@smithy/types": "^4.3.2",
				"tslib": "^2.6.2"
			},
			"engines": {
				"node": ">=18.0.0"
			}
		},
		"node_modules/@smithy/eventstream-serde-node": {
			"version": "4.0.5",
			"license": "Apache-2.0",
			"dependencies": {
				"@smithy/eventstream-serde-universal": "^4.0.5",
				"@smithy/types": "^4.3.2",
				"tslib": "^2.6.2"
			},
			"engines": {
				"node": ">=18.0.0"
			}
		},
		"node_modules/@smithy/eventstream-serde-universal": {
			"version": "4.0.5",
			"license": "Apache-2.0",
			"dependencies": {
				"@smithy/eventstream-codec": "^4.0.5",
				"@smithy/types": "^4.3.2",
				"tslib": "^2.6.2"
			},
			"engines": {
				"node": ">=18.0.0"
			}
		},
		"node_modules/@smithy/fetch-http-handler": {
			"version": "5.1.1",
			"license": "Apache-2.0",
			"dependencies": {
				"@smithy/protocol-http": "^5.1.3",
				"@smithy/querystring-builder": "^4.0.5",
				"@smithy/types": "^4.3.2",
				"@smithy/util-base64": "^4.0.0",
				"tslib": "^2.6.2"
			},
			"engines": {
				"node": ">=18.0.0"
			}
		},
		"node_modules/@smithy/hash-blob-browser": {
			"version": "4.0.5",
			"license": "Apache-2.0",
			"dependencies": {
				"@smithy/chunked-blob-reader": "^5.0.0",
				"@smithy/chunked-blob-reader-native": "^4.0.0",
				"@smithy/types": "^4.3.2",
				"tslib": "^2.6.2"
			},
			"engines": {
				"node": ">=18.0.0"
			}
		},
		"node_modules/@smithy/hash-node": {
			"version": "4.0.5",
			"license": "Apache-2.0",
			"dependencies": {
				"@smithy/types": "^4.3.2",
				"@smithy/util-buffer-from": "^4.0.0",
				"@smithy/util-utf8": "^4.0.0",
				"tslib": "^2.6.2"
			},
			"engines": {
				"node": ">=18.0.0"
			}
		},
		"node_modules/@smithy/hash-stream-node": {
			"version": "4.0.5",
			"license": "Apache-2.0",
			"dependencies": {
				"@smithy/types": "^4.3.2",
				"@smithy/util-utf8": "^4.0.0",
				"tslib": "^2.6.2"
			},
			"engines": {
				"node": ">=18.0.0"
			}
		},
		"node_modules/@smithy/invalid-dependency": {
			"version": "4.0.5",
			"license": "Apache-2.0",
			"dependencies": {
				"@smithy/types": "^4.3.2",
				"tslib": "^2.6.2"
			},
			"engines": {
				"node": ">=18.0.0"
			}
		},
		"node_modules/@smithy/is-array-buffer": {
			"version": "4.0.0",
			"license": "Apache-2.0",
			"dependencies": {
				"tslib": "^2.6.2"
			},
			"engines": {
				"node": ">=18.0.0"
			}
		},
		"node_modules/@smithy/md5-js": {
			"version": "4.0.5",
			"license": "Apache-2.0",
			"dependencies": {
				"@smithy/types": "^4.3.2",
				"@smithy/util-utf8": "^4.0.0",
				"tslib": "^2.6.2"
			},
			"engines": {
				"node": ">=18.0.0"
			}
		},
		"node_modules/@smithy/middleware-content-length": {
			"version": "4.0.5",
			"license": "Apache-2.0",
			"dependencies": {
				"@smithy/protocol-http": "^5.1.3",
				"@smithy/types": "^4.3.2",
				"tslib": "^2.6.2"
			},
			"engines": {
				"node": ">=18.0.0"
			}
		},
		"node_modules/@smithy/middleware-endpoint": {
			"version": "4.1.18",
			"license": "Apache-2.0",
			"dependencies": {
				"@smithy/core": "^3.8.0",
				"@smithy/middleware-serde": "^4.0.9",
				"@smithy/node-config-provider": "^4.1.4",
				"@smithy/shared-ini-file-loader": "^4.0.5",
				"@smithy/types": "^4.3.2",
				"@smithy/url-parser": "^4.0.5",
				"@smithy/util-middleware": "^4.0.5",
				"tslib": "^2.6.2"
			},
			"engines": {
				"node": ">=18.0.0"
			}
		},
		"node_modules/@smithy/middleware-retry": {
			"version": "4.1.19",
			"license": "Apache-2.0",
			"dependencies": {
				"@smithy/node-config-provider": "^4.1.4",
				"@smithy/protocol-http": "^5.1.3",
				"@smithy/service-error-classification": "^4.0.7",
				"@smithy/smithy-client": "^4.4.10",
				"@smithy/types": "^4.3.2",
				"@smithy/util-middleware": "^4.0.5",
				"@smithy/util-retry": "^4.0.7",
				"@types/uuid": "^9.0.1",
				"tslib": "^2.6.2",
				"uuid": "^9.0.1"
			},
			"engines": {
				"node": ">=18.0.0"
			}
		},
		"node_modules/@smithy/middleware-serde": {
			"version": "4.0.9",
			"license": "Apache-2.0",
			"dependencies": {
				"@smithy/protocol-http": "^5.1.3",
				"@smithy/types": "^4.3.2",
				"tslib": "^2.6.2"
			},
			"engines": {
				"node": ">=18.0.0"
			}
		},
		"node_modules/@smithy/middleware-stack": {
			"version": "4.0.5",
			"license": "Apache-2.0",
			"dependencies": {
				"@smithy/types": "^4.3.2",
				"tslib": "^2.6.2"
			},
			"engines": {
				"node": ">=18.0.0"
			}
		},
		"node_modules/@smithy/node-config-provider": {
			"version": "4.1.4",
			"license": "Apache-2.0",
			"dependencies": {
				"@smithy/property-provider": "^4.0.5",
				"@smithy/shared-ini-file-loader": "^4.0.5",
				"@smithy/types": "^4.3.2",
				"tslib": "^2.6.2"
			},
			"engines": {
				"node": ">=18.0.0"
			}
		},
		"node_modules/@smithy/node-http-handler": {
			"version": "4.1.1",
			"license": "Apache-2.0",
			"dependencies": {
				"@smithy/abort-controller": "^4.0.5",
				"@smithy/protocol-http": "^5.1.3",
				"@smithy/querystring-builder": "^4.0.5",
				"@smithy/types": "^4.3.2",
				"tslib": "^2.6.2"
			},
			"engines": {
				"node": ">=18.0.0"
			}
		},
		"node_modules/@smithy/property-provider": {
			"version": "4.0.5",
			"license": "Apache-2.0",
			"dependencies": {
				"@smithy/types": "^4.3.2",
				"tslib": "^2.6.2"
			},
			"engines": {
				"node": ">=18.0.0"
			}
		},
		"node_modules/@smithy/protocol-http": {
			"version": "5.1.3",
			"license": "Apache-2.0",
			"dependencies": {
				"@smithy/types": "^4.3.2",
				"tslib": "^2.6.2"
			},
			"engines": {
				"node": ">=18.0.0"
			}
		},
		"node_modules/@smithy/querystring-builder": {
			"version": "4.0.5",
			"license": "Apache-2.0",
			"dependencies": {
				"@smithy/types": "^4.3.2",
				"@smithy/util-uri-escape": "^4.0.0",
				"tslib": "^2.6.2"
			},
			"engines": {
				"node": ">=18.0.0"
			}
		},
		"node_modules/@smithy/querystring-parser": {
			"version": "4.0.5",
			"license": "Apache-2.0",
			"dependencies": {
				"@smithy/types": "^4.3.2",
				"tslib": "^2.6.2"
			},
			"engines": {
				"node": ">=18.0.0"
			}
		},
		"node_modules/@smithy/service-error-classification": {
			"version": "4.0.7",
			"license": "Apache-2.0",
			"dependencies": {
				"@smithy/types": "^4.3.2"
			},
			"engines": {
				"node": ">=18.0.0"
			}
		},
		"node_modules/@smithy/shared-ini-file-loader": {
			"version": "4.0.5",
			"license": "Apache-2.0",
			"dependencies": {
				"@smithy/types": "^4.3.2",
				"tslib": "^2.6.2"
			},
			"engines": {
				"node": ">=18.0.0"
			}
		},
		"node_modules/@smithy/signature-v4": {
			"version": "5.1.3",
			"license": "Apache-2.0",
			"dependencies": {
				"@smithy/is-array-buffer": "^4.0.0",
				"@smithy/protocol-http": "^5.1.3",
				"@smithy/types": "^4.3.2",
				"@smithy/util-hex-encoding": "^4.0.0",
				"@smithy/util-middleware": "^4.0.5",
				"@smithy/util-uri-escape": "^4.0.0",
				"@smithy/util-utf8": "^4.0.0",
				"tslib": "^2.6.2"
			},
			"engines": {
				"node": ">=18.0.0"
			}
		},
		"node_modules/@smithy/smithy-client": {
			"version": "4.4.10",
			"license": "Apache-2.0",
			"dependencies": {
				"@smithy/core": "^3.8.0",
				"@smithy/middleware-endpoint": "^4.1.18",
				"@smithy/middleware-stack": "^4.0.5",
				"@smithy/protocol-http": "^5.1.3",
				"@smithy/types": "^4.3.2",
				"@smithy/util-stream": "^4.2.4",
				"tslib": "^2.6.2"
			},
			"engines": {
				"node": ">=18.0.0"
			}
		},
		"node_modules/@smithy/types": {
			"version": "4.3.2",
			"license": "Apache-2.0",
			"dependencies": {
				"tslib": "^2.6.2"
			},
			"engines": {
				"node": ">=18.0.0"
			}
		},
		"node_modules/@smithy/url-parser": {
			"version": "4.0.5",
			"license": "Apache-2.0",
			"dependencies": {
				"@smithy/querystring-parser": "^4.0.5",
				"@smithy/types": "^4.3.2",
				"tslib": "^2.6.2"
			},
			"engines": {
				"node": ">=18.0.0"
			}
		},
		"node_modules/@smithy/util-base64": {
			"version": "4.0.0",
			"license": "Apache-2.0",
			"dependencies": {
				"@smithy/util-buffer-from": "^4.0.0",
				"@smithy/util-utf8": "^4.0.0",
				"tslib": "^2.6.2"
			},
			"engines": {
				"node": ">=18.0.0"
			}
		},
		"node_modules/@smithy/util-body-length-browser": {
			"version": "4.0.0",
			"license": "Apache-2.0",
			"dependencies": {
				"tslib": "^2.6.2"
			},
			"engines": {
				"node": ">=18.0.0"
			}
		},
		"node_modules/@smithy/util-body-length-node": {
			"version": "4.0.0",
			"license": "Apache-2.0",
			"dependencies": {
				"tslib": "^2.6.2"
			},
			"engines": {
				"node": ">=18.0.0"
			}
		},
		"node_modules/@smithy/util-buffer-from": {
			"version": "4.0.0",
			"license": "Apache-2.0",
			"dependencies": {
				"@smithy/is-array-buffer": "^4.0.0",
				"tslib": "^2.6.2"
			},
			"engines": {
				"node": ">=18.0.0"
			}
		},
		"node_modules/@smithy/util-config-provider": {
			"version": "4.0.0",
			"license": "Apache-2.0",
			"dependencies": {
				"tslib": "^2.6.2"
			},
			"engines": {
				"node": ">=18.0.0"
			}
		},
		"node_modules/@smithy/util-defaults-mode-browser": {
			"version": "4.0.26",
			"license": "Apache-2.0",
			"dependencies": {
				"@smithy/property-provider": "^4.0.5",
				"@smithy/smithy-client": "^4.4.10",
				"@smithy/types": "^4.3.2",
				"bowser": "^2.11.0",
				"tslib": "^2.6.2"
			},
			"engines": {
				"node": ">=18.0.0"
			}
		},
		"node_modules/@smithy/util-defaults-mode-node": {
			"version": "4.0.26",
			"license": "Apache-2.0",
			"dependencies": {
				"@smithy/config-resolver": "^4.1.5",
				"@smithy/credential-provider-imds": "^4.0.7",
				"@smithy/node-config-provider": "^4.1.4",
				"@smithy/property-provider": "^4.0.5",
				"@smithy/smithy-client": "^4.4.10",
				"@smithy/types": "^4.3.2",
				"tslib": "^2.6.2"
			},
			"engines": {
				"node": ">=18.0.0"
			}
		},
		"node_modules/@smithy/util-endpoints": {
			"version": "3.0.7",
			"license": "Apache-2.0",
			"dependencies": {
				"@smithy/node-config-provider": "^4.1.4",
				"@smithy/types": "^4.3.2",
				"tslib": "^2.6.2"
			},
			"engines": {
				"node": ">=18.0.0"
			}
		},
		"node_modules/@smithy/util-hex-encoding": {
			"version": "4.0.0",
			"license": "Apache-2.0",
			"dependencies": {
				"tslib": "^2.6.2"
			},
			"engines": {
				"node": ">=18.0.0"
			}
		},
		"node_modules/@smithy/util-middleware": {
			"version": "4.0.5",
			"license": "Apache-2.0",
			"dependencies": {
				"@smithy/types": "^4.3.2",
				"tslib": "^2.6.2"
			},
			"engines": {
				"node": ">=18.0.0"
			}
		},
		"node_modules/@smithy/util-retry": {
			"version": "4.0.7",
			"license": "Apache-2.0",
			"dependencies": {
				"@smithy/service-error-classification": "^4.0.7",
				"@smithy/types": "^4.3.2",
				"tslib": "^2.6.2"
			},
			"engines": {
				"node": ">=18.0.0"
			}
		},
		"node_modules/@smithy/util-stream": {
			"version": "4.2.4",
			"license": "Apache-2.0",
			"dependencies": {
				"@smithy/fetch-http-handler": "^5.1.1",
				"@smithy/node-http-handler": "^4.1.1",
				"@smithy/types": "^4.3.2",
				"@smithy/util-base64": "^4.0.0",
				"@smithy/util-buffer-from": "^4.0.0",
				"@smithy/util-hex-encoding": "^4.0.0",
				"@smithy/util-utf8": "^4.0.0",
				"tslib": "^2.6.2"
			},
			"engines": {
				"node": ">=18.0.0"
			}
		},
		"node_modules/@smithy/util-uri-escape": {
			"version": "4.0.0",
			"license": "Apache-2.0",
			"dependencies": {
				"tslib": "^2.6.2"
			},
			"engines": {
				"node": ">=18.0.0"
			}
		},
		"node_modules/@smithy/util-utf8": {
			"version": "4.0.0",
			"license": "Apache-2.0",
			"dependencies": {
				"@smithy/util-buffer-from": "^4.0.0",
				"tslib": "^2.6.2"
			},
			"engines": {
				"node": ">=18.0.0"
			}
		},
		"node_modules/@smithy/util-waiter": {
			"version": "4.0.7",
			"license": "Apache-2.0",
			"dependencies": {
				"@smithy/abort-controller": "^4.0.5",
				"@smithy/types": "^4.3.2",
				"tslib": "^2.6.2"
			},
			"engines": {
				"node": ">=18.0.0"
			}
		},
		"node_modules/@types/uuid": {
			"version": "9.0.8",
			"license": "MIT"
		},
		"node_modules/bowser": {
			"version": "2.12.0",
			"license": "MIT"
		},
		"node_modules/fast-xml-parser": {
			"version": "5.2.5",
			"funding": [
				{
					"type": "github",
					"url": "https://github.com/sponsors/NaturalIntelligence"
				}
			],
			"license": "MIT",
			"dependencies": {
				"strnum": "^2.1.0"
			},
			"bin": {
				"fxparser": "src/cli/cli.js"
			}
		},
		"node_modules/strnum": {
			"version": "2.1.1",
			"funding": [
				{
					"type": "github",
					"url": "https://github.com/sponsors/NaturalIntelligence"
				}
			],
			"license": "MIT"
		},
		"node_modules/tslib": {
			"version": "2.8.1",
			"license": "0BSD"
		},
		"node_modules/uuid": {
			"version": "9.0.1",
			"funding": [
				"https://github.com/sponsors/broofa",
				"https://github.com/sponsors/ctavan"
			],
			"license": "MIT",
			"bin": {
				"uuid": "dist/bin/uuid"
			}
		}
	}
}
