{
	"name": "@laconia/test",
	"version": "1.2.0",
	"lockfileVersion": 1,
	"requires": true,
	"dependencies": {
		"@laconia/core": {
			"version": "1.2.0",
			"resolved": "https://registry.npmjs.org/@laconia/core/-/core-1.2.0.tgz",
			"integrity": "sha512-UguZpXA+SlNjHI05mo4TFvFrsJ49mCmzCGl/GUCTcl7ZnTrWhr/OM4Tl6AEAqE6g+wtGiDy+VL40u5zFKY/4Eg=="
		},
		"@laconia/invoker": {
			"version": "1.2.0",
			"resolved": "https://registry.npmjs.org/@laconia/invoker/-/invoker-1.2.0.tgz",
			"integrity": "sha512-k2FEWLc9L4Hj18BvesHQeyBWP91qsvOtIc2gasc4MA3ndhBszY1/PdjAO8WbIYS7n085CGelSZlFH18qSa7QAw==",
			"requires": {
				"@laconia/core": "^1.2.0"
			}
		},
		"@laconia/test-helper": {
			"version": "file:../laconia-test-helper",
			"dev": true,
			"requires": {
				"p-wait-for": "^3.1.0"
			}
		},
		"p-finally": {
			"version": "1.0.0",
			"resolved": "https://registry.npmjs.org/p-finally/-/p-finally-1.0.0.tgz",
			"integrity": "sha1-P7z7FbiZpEEjs0ttzBi3JDNqLK4="
		},
		"p-timeout": {
			"version": "3.1.0",
			"resolved": "https://registry.npmjs.org/p-timeout/-/p-timeout-3.1.0.tgz",
			"integrity": "sha512-C27DYI+tCroT8J8cTEyySGydl2B7FlxrGNF5/wmMbl1V+jeehUCzEE/BVgzRebdm2K3ZitKOKx8YbdFumDyYmw==",
			"requires": {
				"p-finally": "^1.0.0"
			}
		},
		"p-wait-for": {
			"version": "3.1.0",
			"resolved": "https://registry.npmjs.org/p-wait-for/-/p-wait-for-3.1.0.tgz",
			"integrity": "sha512-0Uy19uhxbssHelu9ynDMcON6BmMk6pH8551CvxROhiz3Vx+yC4RqxjyIDk2V4ll0g9177RKT++PK4zcV58uJ7A==",
			"requires": {
				"p-timeout": "^3.0.0"
			}
		}
	}
}
