{
	"requires": true,
	"lockfileVersion": 1,
	"dependencies": {
		"delay": {
			"version": "3.0.0",
			"resolved": "https://registry.npmjs.org/delay/-/delay-3.0.0.tgz",
			"integrity": "sha512-6d9nF+lHG/HOZTmX/8/FgWm5UZQUF5O2SnnUvBZail1ESK1QixrmFn7vaW9hycz0/uwcmkqLyHDER+/AgCxbsQ=="
		},
		"p-wait-for": {
			"version": "1.0.0",
			"resolved": "https://registry.npmjs.org/p-wait-for/-/p-wait-for-1.0.0.tgz",
			"integrity": "sha1-h03WQYq+8qGZBSBAmku2sGIfi5A="
		}
	}
}
