{
	"name": "@laconia/test",
	"version": "1.11.0",
	"lockfileVersion": 1,
	"requires": true,
	"dependencies": {
		"@laconia/core": {
			"version": "1.11.0",
			"resolved": "https://registry.npmjs.org/@laconia/core/-/core-1.11.0.tgz",
			"integrity": "sha512-tHPWOHjQ1ueLyTdV0TF+cgLeCrGgqVC0WayVVeJOQjrcpElBNgj3ZheXSDA0OYbagS7xRfFzygjHWbsssX28gA==",
			"requires": {
				"@types/aws-lambda": "8.10.61"
			}
		},
		"@laconia/invoker": {
			"version": "1.11.0",
			"resolved": "https://registry.npmjs.org/@laconia/invoker/-/invoker-1.11.0.tgz",
			"integrity": "sha512-Z6128d9IzTpPEv43qTnIyzG4mxCD3xiGVxyMHB3tp/iZTpFE6LNKT/ChtqD34K/5sdR4T8+THRIYqljMrsvgEg==",
			"requires": {
				"@laconia/core": "^1.11.0"
			}
		},
		"@laconia/test-helper": {
			"version": "file:../laconia-test-helper",
			"dev": true,
			"requires": {
				"p-wait-for": "^3.1.0"
			},
			"dependencies": {
				"p-finally": {
					"version": "1.0.0",
					"resolved": "https://registry.npmjs.org/p-finally/-/p-finally-1.0.0.tgz",
					"integrity": "sha1-P7z7FbiZpEEjs0ttzBi3JDNqLK4=",
					"dev": true
				},
				"p-timeout": {
					"version": "3.2.0",
					"resolved": "https://registry.npmjs.org/p-timeout/-/p-timeout-3.2.0.tgz",
					"integrity": "sha512-rhIwUycgwwKcP9yTOOFK/AKsAopjjCakVqLHePO3CC6Mir1Z99xT+R63jZxAT5lFZLa2inS5h+ZS2GvR99/FBg==",
					"dev": true,
					"requires": {
						"p-finally": "^1.0.0"
					}
				},
				"p-wait-for": {
					"version": "3.2.0",
					"resolved": "https://registry.npmjs.org/p-wait-for/-/p-wait-for-3.2.0.tgz",
					"integrity": "sha512-wpgERjNkLrBiFmkMEjuZJEWKKDrNfHCKA1OhyN1wg1FrLkULbviEy6py1AyJUgZ72YWFbZ38FIpnqvVqAlDUwA==",
					"dev": true,
					"requires": {
						"p-timeout": "^3.0.0"
					}
				}
			}
		},
		"@types/aws-lambda": {
			"version": "8.10.61",
			"resolved": "https://registry.npmjs.org/@types/aws-lambda/-/aws-lambda-8.10.61.tgz",
			"integrity": "sha512-+FeZ/52VG4rBSJ0cRE/aB6hMKQzjIgpiSQrGq0eR8ZrXWee7Z2zoGeJzTHVcOeZNawLb+5zvwZNIRGC7X+kQ7Q=="
		},
		"p-timeout": {
			"version": "5.0.0",
			"resolved": "https://registry.npmjs.org/p-timeout/-/p-timeout-5.0.0.tgz",
			"integrity": "sha512-z+bU/N7L1SABsqKnQzvAnINgPX7NHdzwUV+gHyJE7VGNDZSr03rhcPODCZSWiiT9k+gf74QPmzcZzqJRvxYZow=="
		},
		"p-wait-for": {
			"version": "4.0.0",
			"resolved": "https://registry.npmjs.org/p-wait-for/-/p-wait-for-4.0.0.tgz",
			"integrity": "sha512-nNTv4xr44ZCilARTe9Bbh0+Ou5D2O1y8CPUsgH7ok6r1F7pSHM7pkOjaySgrW+sq3l4NEMFtLu8u8rgHm6TK5w==",
			"requires": {
				"p-timeout": "^5.0.0"
			}
		}
	}
}
