{
	"name": "@laconia/test-helper",
	"version": "1.14.0",
	"lockfileVersion": 1,
	"requires": true,
	"dependencies": {
		"p-timeout": {
			"version": "6.1.1",
			"resolved": "https://registry.npmjs.org/p-timeout/-/p-timeout-6.1.1.tgz",
			"integrity": "sha512-yqz2Wi4fiFRpMmK0L2pGAU49naSUaP23fFIQL2Y6YT+qDGPoFwpvgQM/wzc6F8JoenUkIlAFa4Ql7NguXBxI7w=="
		},
		"p-wait-for": {
			"version": "5.0.2",
			"resolved": "https://registry.npmjs.org/p-wait-for/-/p-wait-for-5.0.2.tgz",
			"integrity": "sha512-lwx6u1CotQYPVju77R+D0vFomni/AqRfqLmqQ8hekklqZ6gAY9rONh7lBQ0uxWMkC2AuX9b2DVAl8To0NyP1JA==",
			"requires": {
				"p-timeout": "^6.0.0"
			}
		}
	}
}
