{
	"requires": true,
	"lockfileVersion": 1,
	"dependencies": {
		"lambda-api": {
			"version": "0.9.2",
			"resolved": "https://registry.npmjs.org/lambda-api/-/lambda-api-0.9.2.tgz",
			"integrity": "sha512-P5DCxtpibDMPcixBi5niYK/f3xkmn7W6p0yQpqa43vxemRCGLGkF7iUkcz2Nb1SYUzVedZDw/oHga5hl6ADBmA=="
		}
	}
}
