{
  "name": "@laconia/aws-handler",
  "version": "0.1.0",
  "lockfileVersion": 1,
  "requires": true,
  "dependencies": {
    "@laconia/aws-invoke": {
      "version": "0.1.0",
      "dependencies": {
        "laconia-test-helper": {
          "bundled": true
        }
      }
    },
    "laconia-test-helper": {
      "version": "0.1.0"
    },
    "lodash": {
      "version": "4.17.5",
      "resolved": "https://registry.npmjs.org/lodash/-/lodash-4.17.5.tgz",
      "integrity": "sha512-svL3uiZf1RwhH+cWrfZn3A4+U58wbP0tGVTLQPbjplZxZ8ROD9VLuNgsRniTlLe7OlSqR79RUehXgpBW/s0IQw=="
    }
  }
}
