{
	"name": "@laconia/middleware-serverless-plugin-warmup",
	"version": "1.5.0",
	"lockfileVersion": 1,
	"requires": true,
	"dependencies": {
		"@laconia/core": {
			"version": "1.5.0",
			"resolved": "https://registry.npmjs.org/@laconia/core/-/core-1.5.0.tgz",
			"integrity": "sha512-XfXzWRfpzZMhNIvOj3Eb6tUGVTql7BXBft1AvYpw3dFJvuw8XOGY6sPhTcN9V9fhi1gVRaF0gR2IzlFHBA2CAQ==",
			"dev": true,
			"requires": {
				"@types/aws-lambda": "8.10.31"
			},
			"dependencies": {
				"@types/aws-lambda": {
					"version": "8.10.31",
					"resolved": "https://registry.npmjs.org/@types/aws-lambda/-/aws-lambda-8.10.31.tgz",
					"integrity": "sha512-xcmOvzVILQoex1oR+vjKnBP3OJn+g92r3yVzeTSmRgLQwBvSOghRPRSx3rVMQivLzAIR6atxlVu3AV9bxc/hQw==",
					"dev": true
				}
			}
		},
		"@types/aws-lambda": {
			"version": "8.10.32",
			"resolved": "https://registry.npmjs.org/@types/aws-lambda/-/aws-lambda-8.10.32.tgz",
			"integrity": "sha512-EOF/Wxfwt56YNAIl9qxal4VKIouiaBPpZympEF194cIXm7LwIyZwY77a2Al/77Un62cD78thapAsbmf1pLgfBQ=="
		}
	}
}
