{
	"name": "@laconia/batch",
	"version": "1.14.0",
	"lockfileVersion": 1,
	"requires": true,
	"dependencies": {
		"await-event-emitter": {
			"version": "2.0.2",
			"resolved": "https://registry.npmjs.org/await-event-emitter/-/await-event-emitter-2.0.2.tgz",
			"integrity": "sha512-3+cjm1wr2MQz0bFM1f5F0pR9XUitF5/kaKUfeGXJWFKC57FgDY61BoQp/xzjjkxXCz8tw1S2fCpeHtxpTID9tA==",
			"requires": {
				"is-promise": "^4.0.0"
			}
		},
		"bottleneck": {
			"version": "2.19.5",
			"resolved": "https://registry.npmjs.org/bottleneck/-/bottleneck-2.19.5.tgz",
			"integrity": "sha512-VHiNCbI1lKdl44tGrhNfU3lup0Tj/ZBMJB5/2ZbNXRCPuRCO7ed2mgcK4r17y+KB2EfuYuRaVlwNbAeaWGSpbw=="
		},
		"is-promise": {
			"version": "4.0.0",
			"resolved": "https://registry.npmjs.org/is-promise/-/is-promise-4.0.0.tgz",
			"integrity": "sha512-hvpoI6korhJMnej285dSg6nu1+e6uxs7zG3BYAm5byqDsgJNWwxzM6z6iZiAgQR4TJ30JmBTOwqZUw3WlyH3AQ=="
		},
		"lodash.get": {
			"version": "4.4.2",
			"resolved": "https://registry.npmjs.org/lodash.get/-/lodash.get-4.4.2.tgz",
			"integrity": "sha1-LRd/ZS+jHpObRDjVNBSZ36OCXpk="
		},
		"lodash.isplainobject": {
			"version": "4.0.6",
			"resolved": "https://registry.npmjs.org/lodash.isplainobject/-/lodash.isplainobject-4.0.6.tgz",
			"integrity": "sha1-fFJqUtibRcRcxpC4gWO+BJf1UMs="
		}
	}
}
