{
	"name": "@laconia/batch",
	"version": "1.2.0",
	"lockfileVersion": 1,
	"requires": true,
	"dependencies": {
		"bottleneck": {
			"version": "2.19.1",
			"resolved": "https://registry.npmjs.org/bottleneck/-/bottleneck-2.19.1.tgz",
			"integrity": "sha512-TrdmthuOG5SpYfFQTprSQOtqQUTreAgPkCFfow/aVOnryRRpIwiwfiQmmJUiiHUKgPV7LBNlfGecJ5hCVs30gw=="
		},
		"lodash.get": {
			"version": "4.4.2",
			"resolved": "https://registry.npmjs.org/lodash.get/-/lodash.get-4.4.2.tgz",
			"integrity": "sha1-LRd/ZS+jHpObRDjVNBSZ36OCXpk="
		},
		"lodash.isplainobject": {
			"version": "4.0.6",
			"resolved": "https://registry.npmjs.org/lodash.isplainobject/-/lodash.isplainobject-4.0.6.tgz",
			"integrity": "sha1-fFJqUtibRcRcxpC4gWO+BJf1UMs="
		}
	}
}
