{
	"name": "@laconia/batch",
	"version": "1.2.0",
	"lockfileVersion": 1,
	"requires": true,
	"dependencies": {
		"@laconia/core": {
			"version": "1.2.0",
			"resolved": "https://registry.npmjs.org/@laconia/core/-/core-1.2.0.tgz",
			"integrity": "sha512-UguZpXA+SlNjHI05mo4TFvFrsJ49mCmzCGl/GUCTcl7ZnTrWhr/OM4Tl6AEAqE6g+wtGiDy+VL40u5zFKY/4Eg=="
		},
		"@laconia/invoker": {
			"version": "1.2.0",
			"resolved": "https://registry.npmjs.org/@laconia/invoker/-/invoker-1.2.0.tgz",
			"integrity": "sha512-k2FEWLc9L4Hj18BvesHQeyBWP91qsvOtIc2gasc4MA3ndhBszY1/PdjAO8WbIYS7n085CGelSZlFH18qSa7QAw==",
			"requires": {
				"@laconia/core": "^1.2.0"
			}
		},
		"@laconia/test-helper": {
			"version": "file:../laconia-test-helper",
			"dev": true,
			"requires": {
				"p-wait-for": "^3.1.0"
			}
		},
		"bottleneck": {
			"version": "2.19.1",
			"resolved": "https://registry.npmjs.org/bottleneck/-/bottleneck-2.19.1.tgz",
			"integrity": "sha512-TrdmthuOG5SpYfFQTprSQOtqQUTreAgPkCFfow/aVOnryRRpIwiwfiQmmJUiiHUKgPV7LBNlfGecJ5hCVs30gw=="
		},
		"lodash.get": {
			"version": "4.4.2",
			"resolved": "https://registry.npmjs.org/lodash.get/-/lodash.get-4.4.2.tgz",
			"integrity": "sha1-LRd/ZS+jHpObRDjVNBSZ36OCXpk="
		},
		"lodash.isplainobject": {
			"version": "4.0.6",
			"resolved": "https://registry.npmjs.org/lodash.isplainobject/-/lodash.isplainobject-4.0.6.tgz",
			"integrity": "sha1-fFJqUtibRcRcxpC4gWO+BJf1UMs="
		}
	}
}
