{
	"name": "@laconia/middleware-lambda-warmer",
	"version": "1.2.0",
	"lockfileVersion": 1,
	"requires": true,
	"dependencies": {
		"lambda-warmer": {
			"version": "1.1.0",
			"resolved": "https://registry.npmjs.org/lambda-warmer/-/lambda-warmer-1.1.0.tgz",
			"integrity": "sha512-NFRqZ47BxHn2Se2OWBZ8LH7djrSCi26svoC/8SI0xFGChUuR1kQQg+hFDWset6LpRBmryNsg4fwgPeq5PxJNAQ=="
		}
	}
}
