{
	"name": "@laconia/middleware-lambda-warmer",
	"version": "1.8.0",
	"lockfileVersion": 1,
	"requires": true,
	"dependencies": {
		"@laconia/core": {
			"version": "1.8.0",
			"resolved": "https://registry.npmjs.org/@laconia/core/-/core-1.8.0.tgz",
			"integrity": "sha512-2cCcfvNdx92/+uowxaQfcG2zg4seM64fVeFmL4sJkhvZRsUTWlx7mxD+wQb/pitB3RgXNElfohoR+rZ3QcAi5Q==",
			"dev": true,
			"requires": {
				"@types/aws-lambda": "8.10.34"
			},
			"dependencies": {
				"@types/aws-lambda": {
					"version": "8.10.34",
					"resolved": "https://registry.npmjs.org/@types/aws-lambda/-/aws-lambda-8.10.34.tgz",
					"integrity": "sha512-ewsBa0SjQYywUpDwck+4n89T0pXcRtIfIXi0aK/3qIQJNBoGvX7AKqFya9FWKdoG7ZcK3Iarl4QjlJiAW7jgPg==",
					"dev": true
				}
			}
		},
		"@types/aws-lambda": {
			"version": "8.10.37",
			"resolved": "https://registry.npmjs.org/@types/aws-lambda/-/aws-lambda-8.10.37.tgz",
			"integrity": "sha512-sdOuz+VMgISw1+a3LtqMdhLBgvv54Q+QmLIGsJimZVBKD6iDzsw1QoinZ7c95pVNU6XsyYsGn8j8w/qWyAS+nQ=="
		},
		"lambda-warmer": {
			"version": "1.2.1",
			"resolved": "https://registry.npmjs.org/lambda-warmer/-/lambda-warmer-1.2.1.tgz",
			"integrity": "sha512-JSTkORIwLjvgDrrrOsh9Tk7eTmpOzbH5F2nCJMIHtdjK7tCwS1wwvIFwXYLM3vOLTQCOuIaegfKuC9YLyGszNA=="
		}
	}
}
