{
  "name": "@laconia/core",
  "version": "1.14.0",
  "lockfileVersion": 3,
  "requires": true,
  "packages": {
    "": {
      "name": "@laconia/core",
      "version": "1.14.0",
      "license": "Apache-2.0",
      "dependencies": {
        "@types/aws-lambda": "8.10.147"
      },
      "devDependencies": {
        "@laconia/test-helper": "file:../laconia-test-helper"
      },
      "engines": {
        "node": ">=12.22"
      }
    },
    "../laconia-test-helper": {
      "name": "@laconia/test-helper",
      "version": "1.14.0",
      "dev": true,
      "license": "Apache-2.0",
      "dependencies": {
        "p-wait-for": "^3.1.0"
      },
      "engines": {
        "node": ">=12.22"
      }
    },
    "node_modules/@laconia/test-helper": {
      "resolved": "../laconia-test-helper",
      "link": true
    },
    "node_modules/@types/aws-lambda": {
      "version": "8.10.147",
      "resolved": "https://registry.npmjs.org/@types/aws-lambda/-/aws-lambda-8.10.147.tgz",
      "integrity": "sha512-nD0Z9fNIZcxYX5Mai2CTmFD7wX7UldCkW2ezCF8D1T5hdiLsnTWDGRpfRYntU6VjTdLQjOvyszru7I1c1oCQew==",
      "license": "MIT"
    }
  }
}
