{
	"name": "@laconia/core",
	"version": "1.9.0",
	"lockfileVersion": 1,
	"requires": true,
	"dependencies": {
		"@laconia/test-helper": {
			"version": "file:../laconia-test-helper",
			"dev": true,
			"requires": {
				"p-wait-for": "^3.1.0"
			},
			"dependencies": {
				"p-finally": {
					"version": "1.0.0",
					"resolved": "https://registry.npmjs.org/p-finally/-/p-finally-1.0.0.tgz",
					"integrity": "sha1-P7z7FbiZpEEjs0ttzBi3JDNqLK4=",
					"dev": true
				},
				"p-timeout": {
					"version": "3.1.0",
					"resolved": "https://registry.npmjs.org/p-timeout/-/p-timeout-3.1.0.tgz",
					"integrity": "sha512-C27DYI+tCroT8J8cTEyySGydl2B7FlxrGNF5/wmMbl1V+jeehUCzEE/BVgzRebdm2K3ZitKOKx8YbdFumDyYmw==",
					"dev": true,
					"requires": {
						"p-finally": "^1.0.0"
					}
				},
				"p-wait-for": {
					"version": "3.1.0",
					"resolved": "https://registry.npmjs.org/p-wait-for/-/p-wait-for-3.1.0.tgz",
					"integrity": "sha512-0Uy19uhxbssHelu9ynDMcON6BmMk6pH8551CvxROhiz3Vx+yC4RqxjyIDk2V4ll0g9177RKT++PK4zcV58uJ7A==",
					"dev": true,
					"requires": {
						"p-timeout": "^3.0.0"
					}
				}
			}
		},
		"@types/aws-lambda": {
			"version": "8.10.40",
			"resolved": "https://registry.npmjs.org/@types/aws-lambda/-/aws-lambda-8.10.40.tgz",
			"integrity": "sha512-D0hOUw2y6in/cPWv0JMMCBnO3Hc/DNeLi8QQ1wymwk9Eixh6IFgVnCGJnUHefjxKEAVxL7z6LKBsFUrIjKygRg=="
		}
	}
}
