{
	"name": "@laconia/event",
	"version": "1.7.0",
	"lockfileVersion": 1,
	"requires": true,
	"dependencies": {
		"@laconia/core": {
			"version": "1.7.0",
			"resolved": "https://registry.npmjs.org/@laconia/core/-/core-1.7.0.tgz",
			"integrity": "sha512-mufoUxiEwej+SKVlcgWtOPervHVrmmVREcHTgsg2GC21dCTgJqKgtVBppD3CA/D7fNWvGa5UoCQe6KMYJxgkJQ==",
			"requires": {
				"@types/aws-lambda": "8.10.33"
			},
			"dependencies": {
				"@types/aws-lambda": {
					"version": "8.10.33",
					"resolved": "https://registry.npmjs.org/@types/aws-lambda/-/aws-lambda-8.10.33.tgz",
					"integrity": "sha512-BZ8lPY/vyUq+Bid/BgYrKbUF36SZYuGOAMgOq/VgqnTQnCn9GBo3HejKZ6xrUzA8zLf9Pjs707amkt4f7rWujw=="
				}
			}
		},
		"@laconia/test-helper": {
			"version": "file:../laconia-test-helper",
			"dev": true,
			"requires": {
				"p-wait-for": "^3.1.0"
			},
			"dependencies": {
				"p-finally": {
					"version": "1.0.0",
					"resolved": "https://registry.npmjs.org/p-finally/-/p-finally-1.0.0.tgz",
					"integrity": "sha1-P7z7FbiZpEEjs0ttzBi3JDNqLK4=",
					"dev": true
				},
				"p-timeout": {
					"version": "3.2.0",
					"resolved": "https://registry.npmjs.org/p-timeout/-/p-timeout-3.2.0.tgz",
					"integrity": "sha512-rhIwUycgwwKcP9yTOOFK/AKsAopjjCakVqLHePO3CC6Mir1Z99xT+R63jZxAT5lFZLa2inS5h+ZS2GvR99/FBg==",
					"dev": true,
					"requires": {
						"p-finally": "^1.0.0"
					}
				},
				"p-wait-for": {
					"version": "3.1.0",
					"resolved": "https://registry.npmjs.org/p-wait-for/-/p-wait-for-3.1.0.tgz",
					"integrity": "sha512-0Uy19uhxbssHelu9ynDMcON6BmMk6pH8551CvxROhiz3Vx+yC4RqxjyIDk2V4ll0g9177RKT++PK4zcV58uJ7A==",
					"dev": true,
					"requires": {
						"p-timeout": "^3.0.0"
					}
				}
			}
		},
		"@types/aws-lambda": {
			"version": "8.10.34",
			"resolved": "https://registry.npmjs.org/@types/aws-lambda/-/aws-lambda-8.10.34.tgz",
			"integrity": "sha512-ewsBa0SjQYywUpDwck+4n89T0pXcRtIfIXi0aK/3qIQJNBoGvX7AKqFya9FWKdoG7ZcK3Iarl4QjlJiAW7jgPg=="
		}
	}
}
