{
	"name": "@laconia/event",
	"version": "1.10.0",
	"lockfileVersion": 1,
	"requires": true,
	"dependencies": {
		"@laconia/core": {
			"version": "1.10.0",
			"resolved": "https://registry.npmjs.org/@laconia/core/-/core-1.10.0.tgz",
			"integrity": "sha512-Tu5teYGtWaht0AH6Qsjw0FFIywpb5NuGF475owIcRh4yNAkTml258Eck/7BGz7zwOhan1Wccq5xTF5sy/6Dx/A==",
			"requires": {
				"@types/aws-lambda": "8.10.45"
			},
			"dependencies": {
				"@types/aws-lambda": {
					"version": "8.10.45",
					"resolved": "https://registry.npmjs.org/@types/aws-lambda/-/aws-lambda-8.10.45.tgz",
					"integrity": "sha512-qoELSb2Pt2QRpC/9Egw7BlQMQM+3SUAsTr8Z6FoSVR86ffX3qU5pPVgtM6BTfWcIWfTaKZta0ARlYAOHE1tauA=="
				}
			}
		},
		"@laconia/test-helper": {
			"version": "file:../laconia-test-helper",
			"dev": true,
			"requires": {
				"p-wait-for": "^3.1.0"
			},
			"dependencies": {
				"p-finally": {
					"version": "1.0.0",
					"resolved": "https://registry.npmjs.org/p-finally/-/p-finally-1.0.0.tgz",
					"integrity": "sha1-P7z7FbiZpEEjs0ttzBi3JDNqLK4=",
					"dev": true
				},
				"p-timeout": {
					"version": "3.2.0",
					"resolved": "https://registry.npmjs.org/p-timeout/-/p-timeout-3.2.0.tgz",
					"integrity": "sha512-rhIwUycgwwKcP9yTOOFK/AKsAopjjCakVqLHePO3CC6Mir1Z99xT+R63jZxAT5lFZLa2inS5h+ZS2GvR99/FBg==",
					"dev": true,
					"requires": {
						"p-finally": "^1.0.0"
					}
				},
				"p-wait-for": {
					"version": "3.1.0",
					"resolved": "https://registry.npmjs.org/p-wait-for/-/p-wait-for-3.1.0.tgz",
					"integrity": "sha512-0Uy19uhxbssHelu9ynDMcON6BmMk6pH8551CvxROhiz3Vx+yC4RqxjyIDk2V4ll0g9177RKT++PK4zcV58uJ7A==",
					"dev": true,
					"requires": {
						"p-timeout": "^3.0.0"
					}
				}
			}
		},
		"@types/aws-lambda": {
			"version": "8.10.51",
			"resolved": "https://registry.npmjs.org/@types/aws-lambda/-/aws-lambda-8.10.51.tgz",
			"integrity": "sha512-XK7RerpXj4r+IO0r7qIeNqUSU6L4qhPMwNhISxozJJiUX/jdXj9WYzTShRVisEcUQHXgJ4TTBqTArM8f9Mjb8g=="
		}
	}
}
